// !$*UTF8*$!
{
	archiveVersion = 1;
	classes = {
	};
	objectVersion = 56;
	objects = {

/* Begin PBXBuildFile section */
		6D4D62822D143844003D7F11 /* QuranBookshelfView.swift in Sources */ = {isa = PBXBuildFile; fileRef = 6D4D62812D143844003D7F11 /* QuranBookshelfView.swift */; };
		6D4D62862D15C53C003D7F11 /* MailView.swift in Sources */ = {isa = PBXBuildFile; fileRef = 6D4D62852D15C53C003D7F11 /* MailView.swift */; };
		6D4D62882D15C589003D7F11 /* TextDetailView.swift in Sources */ = {isa = PBXBuildFile; fileRef = 6D4D62872D15C589003D7F11 /* TextDetailView.swift */; };
		6D4D628A2D161DB3003D7F11 /* SettingsButton.swift in Sources */ = {isa = PBXBuildFile; fileRef = 6D4D62892D161DB3003D7F11 /* SettingsButton.swift */; };
		6D4D628C2D161E42003D7F11 /* NotificationsView.swift in Sources */ = {isa = PBXBuildFile; fileRef = 6D4D628B2D161E42003D7F11 /* NotificationsView.swift */; };
		6D4D628E2D173181003D7F11 /* mosqueList.swift in Sources */ = {isa = PBXBuildFile; fileRef = 6D4D628D2D173181003D7F11 /* mosqueList.swift */; };
		6D4D62912D205B87003D7F11 /* defaultPrayerTimes.swift in Sources */ = {isa = PBXBuildFile; fileRef = 6D4D62902D205B86003D7F11 /* defaultPrayerTimes.swift */; };
		6DAD84802CB7176B0027BF5A /* FirebaseAnalytics in Frameworks */ = {isa = PBXBuildFile; productRef = 6DAD847F2CB7176B0027BF5A /* FirebaseAnalytics */; };
		6DAD84822CB7176B0027BF5A /* FirebaseCore in Frameworks */ = {isa = PBXBuildFile; productRef = 6DAD84812CB7176B0027BF5A /* FirebaseCore */; };
		6DAD84842CB7176B0027BF5A /* FirebaseFirestore in Frameworks */ = {isa = PBXBuildFile; productRef = 6DAD84832CB7176B0027BF5A /* FirebaseFirestore */; };
		6DAD84862CB71B6F0027BF5A /* TasbihCounterView.swift in Sources */ = {isa = PBXBuildFile; fileRef = 6DAD84852CB71B6F0027BF5A /* TasbihCounterView.swift */; };
		6DAD848A2CBD09230027BF5A /* DayPrayerView.swift in Sources */ = {isa = PBXBuildFile; fileRef = 6DAD84892CBD09230027BF5A /* DayPrayerView.swift */; };
		6DAD848C2CBD0A1F0027BF5A /* DesertView.swift in Sources */ = {isa = PBXBuildFile; fileRef = 6DAD848B2CBD0A1F0027BF5A /* DesertView.swift */; };
		6DAD848E2CBD0A9C0027BF5A /* StarrySkyView.swift in Sources */ = {isa = PBXBuildFile; fileRef = 6DAD848D2CBD0A9C0027BF5A /* StarrySkyView.swift */; };
		6DBCFC4E2CB25CC30074796A /* third2_0App.swift in Sources */ = {isa = PBXBuildFile; fileRef = 6DBCFC4D2CB25CC30074796A /* third2_0App.swift */; };
		6DBCFC502CB25CC30074796A /* ContentView.swift in Sources */ = {isa = PBXBuildFile; fileRef = 6DBCFC4F2CB25CC30074796A /* ContentView.swift */; };
		6DBCFC522CB25CC30074796A /* Item.swift in Sources */ = {isa = PBXBuildFile; fileRef = 6DBCFC512CB25CC30074796A /* Item.swift */; };
		6DBCFC542CB25CC40074796A /* Assets.xcassets in Resources */ = {isa = PBXBuildFile; fileRef = 6DBCFC532CB25CC40074796A /* Assets.xcassets */; };
		6DBCFC572CB25CC40074796A /* Preview Assets.xcassets in Resources */ = {isa = PBXBuildFile; fileRef = 6DBCFC562CB25CC40074796A /* Preview Assets.xcassets */; };
		6DBCFC612CB25CC40074796A /* third2_0Tests.swift in Sources */ = {isa = PBXBuildFile; fileRef = 6DBCFC602CB25CC40074796A /* third2_0Tests.swift */; };
		6DBCFC6B2CB25CC40074796A /* third2_0UITests.swift in Sources */ = {isa = PBXBuildFile; fileRef = 6DBCFC6A2CB25CC40074796A /* third2_0UITests.swift */; };
		6DBCFC6D2CB25CC40074796A /* third2_0UITestsLaunchTests.swift in Sources */ = {isa = PBXBuildFile; fileRef = 6DBCFC6C2CB25CC40074796A /* third2_0UITestsLaunchTests.swift */; };
		6DCC12DF2CFD10D900E352BD /* WidgetKit.framework in Frameworks */ = {isa = PBXBuildFile; fileRef = 6DCC12DE2CFD10D900E352BD /* WidgetKit.framework */; };
		6DCC12E12CFD10D900E352BD /* SwiftUI.framework in Frameworks */ = {isa = PBXBuildFile; fileRef = 6DCC12E02CFD10D900E352BD /* SwiftUI.framework */; };
		6DCC12FE2D0629BC00E352BD /* MissionText.swift in Sources */ = {isa = PBXBuildFile; fileRef = 6DCC12FD2D0629BC00E352BD /* MissionText.swift */; };
		6DCC13002D0629CF00E352BD /* PrivacyPolicyText.swift in Sources */ = {isa = PBXBuildFile; fileRef = 6DCC12FF2D0629CF00E352BD /* PrivacyPolicyText.swift */; };
		6DCC13022D062FD700E352BD /* FirebaseAuth in Frameworks */ = {isa = PBXBuildFile; productRef = 6DCC13012D062FD700E352BD /* FirebaseAuth */; };
		6DCC13042D062FD700E352BD /* FirebaseFunctions in Frameworks */ = {isa = PBXBuildFile; productRef = 6DCC13032D062FD700E352BD /* FirebaseFunctions */; };
		6DCC13062D062FD700E352BD /* FirebaseMessaging in Frameworks */ = {isa = PBXBuildFile; productRef = 6DCC13052D062FD700E352BD /* FirebaseMessaging */; };
		6DCC13082D083FAC00E352BD /* countryCodeMapping.swift in Sources */ = {isa = PBXBuildFile; fileRef = 6DCC13072D083FAC00E352BD /* countryCodeMapping.swift */; };
		6DCC131C2D09853D00E352BD /* NotificationManager.swift in Sources */ = {isa = PBXBuildFile; fileRef = 6DCC131B2D09853D00E352BD /* NotificationManager.swift */; };
		6DCC13202D0AD43500E352BD /* GoogleService-Info.plist in Resources */ = {isa = PBXBuildFile; fileRef = 6DCC131F2D0AD43500E352BD /* GoogleService-Info.plist */; };
		6DCC13262D0AF36F00E352BD /* QuranView.swift in Sources */ = {isa = PBXBuildFile; fileRef = 6DCC13252D0AF36F00E352BD /* QuranView.swift */; };
		6DCC13292D0AF60B00E352BD /* Surah.swift in Sources */ = {isa = PBXBuildFile; fileRef = 6DCC13282D0AF60B00E352BD /* Surah.swift */; };
		6DCC132B2D0AF63C00E352BD /* surahs.swift in Sources */ = {isa = PBXBuildFile; fileRef = 6DCC132A2D0AF63C00E352BD /* surahs.swift */; };
		6DCC132D2D0AF70400E352BD /* MinimizedAudioPlayerView.swift in Sources */ = {isa = PBXBuildFile; fileRef = 6DCC132C2D0AF70400E352BD /* MinimizedAudioPlayerView.swift */; };
		6DCC132F2D0AF76C00E352BD /* DetailView.swift in Sources */ = {isa = PBXBuildFile; fileRef = 6DCC132E2D0AF76C00E352BD /* DetailView.swift */; };
		6DCC135A2D0AFF1E00E352BD /* 017.mp3 in Resources */ = {isa = PBXBuildFile; fileRef = 6DCC13322D0AFF1E00E352BD /* 017.mp3 */; };
		6DCC135B2D0AFF1E00E352BD /* 031.mp3 in Resources */ = {isa = PBXBuildFile; fileRef = 6DCC13332D0AFF1E00E352BD /* 031.mp3 */; };
		6DCC135C2D0AFF1E00E352BD /* 034.mp3 in Resources */ = {isa = PBXBuildFile; fileRef = 6DCC13342D0AFF1E00E352BD /* 034.mp3 */; };
		6DCC135D2D0AFF1E00E352BD /* 029.mp3 in Resources */ = {isa = PBXBuildFile; fileRef = 6DCC13352D0AFF1E00E352BD /* 029.mp3 */; };
		6DCC135E2D0AFF1E00E352BD /* 039.mp3 in Resources */ = {isa = PBXBuildFile; fileRef = 6DCC13362D0AFF1E00E352BD /* 039.mp3 */; };
		6DCC135F2D0AFF1E00E352BD /* 035.mp3 in Resources */ = {isa = PBXBuildFile; fileRef = 6DCC13372D0AFF1E00E352BD /* 035.mp3 */; };
		6DCC13602D0AFF1E00E352BD /* 037.mp3 in Resources */ = {isa = PBXBuildFile; fileRef = 6DCC13382D0AFF1E00E352BD /* 037.mp3 */; };
		6DCC13612D0AFF1E00E352BD /* 028.mp3 in Resources */ = {isa = PBXBuildFile; fileRef = 6DCC13392D0AFF1E00E352BD /* 028.mp3 */; };
		6DCC13622D0AFF1E00E352BD /* 032.mp3 in Resources */ = {isa = PBXBuildFile; fileRef = 6DCC133A2D0AFF1E00E352BD /* 032.mp3 */; };
		6DCC13632D0AFF1E00E352BD /* 010.mp3 in Resources */ = {isa = PBXBuildFile; fileRef = 6DCC133B2D0AFF1E00E352BD /* 010.mp3 */; };
		6DCC13642D0AFF1E00E352BD /* 007.mp3 in Resources */ = {isa = PBXBuildFile; fileRef = 6DCC133C2D0AFF1E00E352BD /* 007.mp3 */; };
		6DCC13652D0AFF1E00E352BD /* 040.mp3 in Resources */ = {isa = PBXBuildFile; fileRef = 6DCC133D2D0AFF1E00E352BD /* 040.mp3 */; };
		6DCC13662D0AFF1E00E352BD /* 027.mp3 in Resources */ = {isa = PBXBuildFile; fileRef = 6DCC133E2D0AFF1E00E352BD /* 027.mp3 */; };
		6DCC13672D0AFF1E00E352BD /* 036.mp3 in Resources */ = {isa = PBXBuildFile; fileRef = 6DCC133F2D0AFF1E00E352BD /* 036.mp3 */; };
		6DCC13682D0AFF1E00E352BD /* 002.mp3 in Resources */ = {isa = PBXBuildFile; fileRef = 6DCC13402D0AFF1E00E352BD /* 002.mp3 */; };
		6DCC13692D0AFF1E00E352BD /* 015.mp3 in Resources */ = {isa = PBXBuildFile; fileRef = 6DCC13412D0AFF1E00E352BD /* 015.mp3 */; };
		6DCC136A2D0AFF1E00E352BD /* 021.mp3 in Resources */ = {isa = PBXBuildFile; fileRef = 6DCC13422D0AFF1E00E352BD /* 021.mp3 */; };
		6DCC136B2D0AFF1E00E352BD /* 004.mp3 in Resources */ = {isa = PBXBuildFile; fileRef = 6DCC13432D0AFF1E00E352BD /* 004.mp3 */; };
		6DCC136C2D0AFF1E00E352BD /* 013.mp3 in Resources */ = {isa = PBXBuildFile; fileRef = 6DCC13442D0AFF1E00E352BD /* 013.mp3 */; };
		6DCC136D2D0AFF1E00E352BD /* 022.mp3 in Resources */ = {isa = PBXBuildFile; fileRef = 6DCC13452D0AFF1E00E352BD /* 022.mp3 */; };
		6DCC136E2D0AFF1E00E352BD /* 023.mp3 in Resources */ = {isa = PBXBuildFile; fileRef = 6DCC13462D0AFF1E00E352BD /* 023.mp3 */; };
		6DCC136F2D0AFF1E00E352BD /* 008.mp3 in Resources */ = {isa = PBXBuildFile; fileRef = 6DCC13472D0AFF1E00E352BD /* 008.mp3 */; };
		6DCC13702D0AFF1E00E352BD /* 018.mp3 in Resources */ = {isa = PBXBuildFile; fileRef = 6DCC13482D0AFF1E00E352BD /* 018.mp3 */; };
		6DCC13712D0AFF1E00E352BD /* 020.mp3 in Resources */ = {isa = PBXBuildFile; fileRef = 6DCC13492D0AFF1E00E352BD /* 020.mp3 */; };
		6DCC13722D0AFF1E00E352BD /* 026.mp3 in Resources */ = {isa = PBXBuildFile; fileRef = 6DCC134A2D0AFF1E00E352BD /* 026.mp3 */; };
		6DCC13732D0AFF1E00E352BD /* 024.mp3 in Resources */ = {isa = PBXBuildFile; fileRef = 6DCC134B2D0AFF1E00E352BD /* 024.mp3 */; };
		6DCC13742D0AFF1E00E352BD /* 006.mp3 in Resources */ = {isa = PBXBuildFile; fileRef = 6DCC134C2D0AFF1E00E352BD /* 006.mp3 */; };
		6DCC13752D0AFF1E00E352BD /* 025.mp3 in Resources */ = {isa = PBXBuildFile; fileRef = 6DCC134D2D0AFF1E00E352BD /* 025.mp3 */; };
		6DCC13762D0AFF1E00E352BD /* 011.mp3 in Resources */ = {isa = PBXBuildFile; fileRef = 6DCC134E2D0AFF1E00E352BD /* 011.mp3 */; };
		6DCC13772D0AFF1E00E352BD /* 016.mp3 in Resources */ = {isa = PBXBuildFile; fileRef = 6DCC134F2D0AFF1E00E352BD /* 016.mp3 */; };
		6DCC13782D0AFF1E00E352BD /* 019.mp3 in Resources */ = {isa = PBXBuildFile; fileRef = 6DCC13502D0AFF1E00E352BD /* 019.mp3 */; };
		6DCC13792D0AFF1E00E352BD /* 030.mp3 in Resources */ = {isa = PBXBuildFile; fileRef = 6DCC13512D0AFF1E00E352BD /* 030.mp3 */; };
		6DCC137A2D0AFF1E00E352BD /* 038.mp3 in Resources */ = {isa = PBXBuildFile; fileRef = 6DCC13522D0AFF1E00E352BD /* 038.mp3 */; };
		6DCC137B2D0AFF1E00E352BD /* 003.mp3 in Resources */ = {isa = PBXBuildFile; fileRef = 6DCC13532D0AFF1E00E352BD /* 003.mp3 */; };
		6DCC137C2D0AFF1E00E352BD /* 033.mp3 in Resources */ = {isa = PBXBuildFile; fileRef = 6DCC13542D0AFF1E00E352BD /* 033.mp3 */; };
		6DCC137D2D0AFF1E00E352BD /* 014.mp3 in Resources */ = {isa = PBXBuildFile; fileRef = 6DCC13552D0AFF1E00E352BD /* 014.mp3 */; };
		6DCC137E2D0AFF1E00E352BD /* 009.mp3 in Resources */ = {isa = PBXBuildFile; fileRef = 6DCC13562D0AFF1E00E352BD /* 009.mp3 */; };
		6DCC137F2D0AFF1E00E352BD /* 001.mp3 in Resources */ = {isa = PBXBuildFile; fileRef = 6DCC13572D0AFF1E00E352BD /* 001.mp3 */; };
		6DCC13802D0AFF1E00E352BD /* 012.mp3 in Resources */ = {isa = PBXBuildFile; fileRef = 6DCC13582D0AFF1E00E352BD /* 012.mp3 */; };
		6DCC13812D0AFF1E00E352BD /* 005.mp3 in Resources */ = {isa = PBXBuildFile; fileRef = 6DCC13592D0AFF1E00E352BD /* 005.mp3 */; };
		6DCC13962D0AFF9B00E352BD /* 060.mp3 in Resources */ = {isa = PBXBuildFile; fileRef = 6DCC13822D0AFF9B00E352BD /* 060.mp3 */; };
		6DCC13972D0AFF9B00E352BD /* 048.mp3 in Resources */ = {isa = PBXBuildFile; fileRef = 6DCC13832D0AFF9B00E352BD /* 048.mp3 */; };
		6DCC13982D0AFF9B00E352BD /* 044.mp3 in Resources */ = {isa = PBXBuildFile; fileRef = 6DCC13842D0AFF9B00E352BD /* 044.mp3 */; };
		6DCC13992D0AFF9B00E352BD /* 046.mp3 in Resources */ = {isa = PBXBuildFile; fileRef = 6DCC13852D0AFF9B00E352BD /* 046.mp3 */; };
		6DCC139A2D0AFF9B00E352BD /* 052.mp3 in Resources */ = {isa = PBXBuildFile; fileRef = 6DCC13862D0AFF9B00E352BD /* 052.mp3 */; };
		6DCC139B2D0AFF9B00E352BD /* 056.mp3 in Resources */ = {isa = PBXBuildFile; fileRef = 6DCC13872D0AFF9B00E352BD /* 056.mp3 */; };
		6DCC139C2D0AFF9B00E352BD /* 057.mp3 in Resources */ = {isa = PBXBuildFile; fileRef = 6DCC13882D0AFF9B00E352BD /* 057.mp3 */; };
		6DCC139D2D0AFF9B00E352BD /* 050.mp3 in Resources */ = {isa = PBXBuildFile; fileRef = 6DCC13892D0AFF9B00E352BD /* 050.mp3 */; };
		6DCC139E2D0AFF9B00E352BD /* 051.mp3 in Resources */ = {isa = PBXBuildFile; fileRef = 6DCC138A2D0AFF9B00E352BD /* 051.mp3 */; };
		6DCC139F2D0AFF9B00E352BD /* 047.mp3 in Resources */ = {isa = PBXBuildFile; fileRef = 6DCC138B2D0AFF9B00E352BD /* 047.mp3 */; };
		6DCC13A02D0AFF9B00E352BD /* 045.mp3 in Resources */ = {isa = PBXBuildFile; fileRef = 6DCC138C2D0AFF9B00E352BD /* 045.mp3 */; };
		6DCC13A12D0AFF9B00E352BD /* 054.mp3 in Resources */ = {isa = PBXBuildFile; fileRef = 6DCC138D2D0AFF9B00E352BD /* 054.mp3 */; };
		6DCC13A22D0AFF9B00E352BD /* 055.mp3 in Resources */ = {isa = PBXBuildFile; fileRef = 6DCC138E2D0AFF9B00E352BD /* 055.mp3 */; };
		6DCC13A32D0AFF9B00E352BD /* 058.mp3 in Resources */ = {isa = PBXBuildFile; fileRef = 6DCC138F2D0AFF9B00E352BD /* 058.mp3 */; };
		6DCC13A42D0AFF9B00E352BD /* 059.mp3 in Resources */ = {isa = PBXBuildFile; fileRef = 6DCC13902D0AFF9B00E352BD /* 059.mp3 */; };
		6DCC13A52D0AFF9B00E352BD /* 041.mp3 in Resources */ = {isa = PBXBuildFile; fileRef = 6DCC13912D0AFF9B00E352BD /* 041.mp3 */; };
		6DCC13A62D0AFF9B00E352BD /* 043.mp3 in Resources */ = {isa = PBXBuildFile; fileRef = 6DCC13922D0AFF9B00E352BD /* 043.mp3 */; };
		6DCC13A72D0AFF9B00E352BD /* 049.mp3 in Resources */ = {isa = PBXBuildFile; fileRef = 6DCC13932D0AFF9B00E352BD /* 049.mp3 */; };
		6DCC13A82D0AFF9B00E352BD /* 042.mp3 in Resources */ = {isa = PBXBuildFile; fileRef = 6DCC13942D0AFF9B00E352BD /* 042.mp3 */; };
		6DCC13A92D0AFF9B00E352BD /* 053.mp3 in Resources */ = {isa = PBXBuildFile; fileRef = 6DCC13952D0AFF9B00E352BD /* 053.mp3 */; };
		6DCC13E02D0B00C600E352BD /* 095.mp3 in Resources */ = {isa = PBXBuildFile; fileRef = 6DCC13AA2D0B00C500E352BD /* 095.mp3 */; };
		6DCC13E12D0B00C600E352BD /* 087.mp3 in Resources */ = {isa = PBXBuildFile; fileRef = 6DCC13AB2D0B00C500E352BD /* 087.mp3 */; };
		6DCC13E22D0B00C600E352BD /* 065.mp3 in Resources */ = {isa = PBXBuildFile; fileRef = 6DCC13AC2D0B00C500E352BD /* 065.mp3 */; };
		6DCC13E32D0B00C600E352BD /* 105.mp3 in Resources */ = {isa = PBXBuildFile; fileRef = 6DCC13AD2D0B00C500E352BD /* 105.mp3 */; };
		6DCC13E42D0B00C600E352BD /* 110.mp3 in Resources */ = {isa = PBXBuildFile; fileRef = 6DCC13AE2D0B00C500E352BD /* 110.mp3 */; };
		6DCC13E52D0B00C600E352BD /* 083.mp3 in Resources */ = {isa = PBXBuildFile; fileRef = 6DCC13AF2D0B00C500E352BD /* 083.mp3 */; };
		6DCC13E62D0B00C600E352BD /* 063.mp3 in Resources */ = {isa = PBXBuildFile; fileRef = 6DCC13B02D0B00C600E352BD /* 063.mp3 */; };
		6DCC13E72D0B00C600E352BD /* 084.mp3 in Resources */ = {isa = PBXBuildFile; fileRef = 6DCC13B12D0B00C600E352BD /* 084.mp3 */; };
		6DCC13E82D0B00C600E352BD /* 109.mp3 in Resources */ = {isa = PBXBuildFile; fileRef = 6DCC13B22D0B00C600E352BD /* 109.mp3 */; };
		6DCC13E92D0B00C600E352BD /* 093.mp3 in Resources */ = {isa = PBXBuildFile; fileRef = 6DCC13B32D0B00C600E352BD /* 093.mp3 */; };
		6DCC13EA2D0B00C600E352BD /* 080.mp3 in Resources */ = {isa = PBXBuildFile; fileRef = 6DCC13B42D0B00C600E352BD /* 080.mp3 */; };
		6DCC13EB2D0B00C600E352BD /* 097.mp3 in Resources */ = {isa = PBXBuildFile; fileRef = 6DCC13B52D0B00C600E352BD /* 097.mp3 */; };
		6DCC13EC2D0B00C600E352BD /* 107.mp3 in Resources */ = {isa = PBXBuildFile; fileRef = 6DCC13B62D0B00C600E352BD /* 107.mp3 */; };
		6DCC13ED2D0B00C600E352BD /* 100.mp3 in Resources */ = {isa = PBXBuildFile; fileRef = 6DCC13B72D0B00C600E352BD /* 100.mp3 */; };
		6DCC13EE2D0B00C600E352BD /* 106.mp3 in Resources */ = {isa = PBXBuildFile; fileRef = 6DCC13B82D0B00C600E352BD /* 106.mp3 */; };
		6DCC13EF2D0B00C600E352BD /* 082.mp3 in Resources */ = {isa = PBXBuildFile; fileRef = 6DCC13B92D0B00C600E352BD /* 082.mp3 */; };
		6DCC13F02D0B00C600E352BD /* 099.mp3 in Resources */ = {isa = PBXBuildFile; fileRef = 6DCC13BA2D0B00C600E352BD /* 099.mp3 */; };
		6DCC13F12D0B00C600E352BD /* 103.mp3 in Resources */ = {isa = PBXBuildFile; fileRef = 6DCC13BB2D0B00C600E352BD /* 103.mp3 */; };
		6DCC13F22D0B00C600E352BD /* 073.mp3 in Resources */ = {isa = PBXBuildFile; fileRef = 6DCC13BC2D0B00C600E352BD /* 073.mp3 */; };
		6DCC13F32D0B00C600E352BD /* 081.mp3 in Resources */ = {isa = PBXBuildFile; fileRef = 6DCC13BD2D0B00C600E352BD /* 081.mp3 */; };
		6DCC13F42D0B00C600E352BD /* 089.mp3 in Resources */ = {isa = PBXBuildFile; fileRef = 6DCC13BE2D0B00C600E352BD /* 089.mp3 */; };
		6DCC13F52D0B00C600E352BD /* 111.mp3 in Resources */ = {isa = PBXBuildFile; fileRef = 6DCC13BF2D0B00C600E352BD /* 111.mp3 */; };
		6DCC13F62D0B00C600E352BD /* 066.mp3 in Resources */ = {isa = PBXBuildFile; fileRef = 6DCC13C02D0B00C600E352BD /* 066.mp3 */; };
		6DCC13F72D0B00C600E352BD /* 112.mp3 in Resources */ = {isa = PBXBuildFile; fileRef = 6DCC13C12D0B00C600E352BD /* 112.mp3 */; };
		6DCC13F82D0B00C600E352BD /* 092.mp3 in Resources */ = {isa = PBXBuildFile; fileRef = 6DCC13C22D0B00C600E352BD /* 092.mp3 */; };
		6DCC13F92D0B00C600E352BD /* 104.mp3 in Resources */ = {isa = PBXBuildFile; fileRef = 6DCC13C32D0B00C600E352BD /* 104.mp3 */; };
		6DCC13FA2D0B00C600E352BD /* 086.mp3 in Resources */ = {isa = PBXBuildFile; fileRef = 6DCC13C42D0B00C600E352BD /* 086.mp3 */; };
		6DCC13FB2D0B00C600E352BD /* 114.mp3 in Resources */ = {isa = PBXBuildFile; fileRef = 6DCC13C52D0B00C600E352BD /* 114.mp3 */; };
		6DCC13FC2D0B00C600E352BD /* 094.mp3 in Resources */ = {isa = PBXBuildFile; fileRef = 6DCC13C62D0B00C600E352BD /* 094.mp3 */; };
		6DCC13FD2D0B00C600E352BD /* 072.mp3 in Resources */ = {isa = PBXBuildFile; fileRef = 6DCC13C72D0B00C600E352BD /* 072.mp3 */; };
		6DCC13FE2D0B00C600E352BD /* 113.mp3 in Resources */ = {isa = PBXBuildFile; fileRef = 6DCC13C82D0B00C600E352BD /* 113.mp3 */; };
		6DCC13FF2D0B00C600E352BD /* 091.mp3 in Resources */ = {isa = PBXBuildFile; fileRef = 6DCC13C92D0B00C600E352BD /* 091.mp3 */; };
		6DCC14002D0B00C600E352BD /* 096.mp3 in Resources */ = {isa = PBXBuildFile; fileRef = 6DCC13CA2D0B00C600E352BD /* 096.mp3 */; };
		6DCC14012D0B00C600E352BD /* 064.mp3 in Resources */ = {isa = PBXBuildFile; fileRef = 6DCC13CB2D0B00C600E352BD /* 064.mp3 */; };
		6DCC14022D0B00C600E352BD /* 068.mp3 in Resources */ = {isa = PBXBuildFile; fileRef = 6DCC13CC2D0B00C600E352BD /* 068.mp3 */; };
		6DCC14032D0B00C600E352BD /* 085.mp3 in Resources */ = {isa = PBXBuildFile; fileRef = 6DCC13CD2D0B00C600E352BD /* 085.mp3 */; };
		6DCC14042D0B00C600E352BD /* 077.mp3 in Resources */ = {isa = PBXBuildFile; fileRef = 6DCC13CE2D0B00C600E352BD /* 077.mp3 */; };
		6DCC14052D0B00C600E352BD /* 101.mp3 in Resources */ = {isa = PBXBuildFile; fileRef = 6DCC13CF2D0B00C600E352BD /* 101.mp3 */; };
		6DCC14062D0B00C600E352BD /* 098.mp3 in Resources */ = {isa = PBXBuildFile; fileRef = 6DCC13D02D0B00C600E352BD /* 098.mp3 */; };
		6DCC14072D0B00C600E352BD /* 069.mp3 in Resources */ = {isa = PBXBuildFile; fileRef = 6DCC13D12D0B00C600E352BD /* 069.mp3 */; };
		6DCC14082D0B00C600E352BD /* 067.mp3 in Resources */ = {isa = PBXBuildFile; fileRef = 6DCC13D22D0B00C600E352BD /* 067.mp3 */; };
		6DCC14092D0B00C600E352BD /* 062.mp3 in Resources */ = {isa = PBXBuildFile; fileRef = 6DCC13D32D0B00C600E352BD /* 062.mp3 */; };
		6DCC140A2D0B00C600E352BD /* 078.mp3 in Resources */ = {isa = PBXBuildFile; fileRef = 6DCC13D42D0B00C600E352BD /* 078.mp3 */; };
		6DCC140B2D0B00C600E352BD /* 088.mp3 in Resources */ = {isa = PBXBuildFile; fileRef = 6DCC13D52D0B00C600E352BD /* 088.mp3 */; };
		6DCC140C2D0B00C600E352BD /* 079.mp3 in Resources */ = {isa = PBXBuildFile; fileRef = 6DCC13D62D0B00C600E352BD /* 079.mp3 */; };
		6DCC140D2D0B00C600E352BD /* 076.mp3 in Resources */ = {isa = PBXBuildFile; fileRef = 6DCC13D72D0B00C600E352BD /* 076.mp3 */; };
		6DCC140E2D0B00C600E352BD /* 102.mp3 in Resources */ = {isa = PBXBuildFile; fileRef = 6DCC13D82D0B00C600E352BD /* 102.mp3 */; };
		6DCC140F2D0B00C600E352BD /* 070.mp3 in Resources */ = {isa = PBXBuildFile; fileRef = 6DCC13D92D0B00C600E352BD /* 070.mp3 */; };
		6DCC14102D0B00C600E352BD /* 075.mp3 in Resources */ = {isa = PBXBuildFile; fileRef = 6DCC13DA2D0B00C600E352BD /* 075.mp3 */; };
		6DCC14112D0B00C600E352BD /* 061.mp3 in Resources */ = {isa = PBXBuildFile; fileRef = 6DCC13DB2D0B00C600E352BD /* 061.mp3 */; };
		6DCC14122D0B00C600E352BD /* 090.mp3 in Resources */ = {isa = PBXBuildFile; fileRef = 6DCC13DC2D0B00C600E352BD /* 090.mp3 */; };
		6DCC14132D0B00C600E352BD /* 108.mp3 in Resources */ = {isa = PBXBuildFile; fileRef = 6DCC13DD2D0B00C600E352BD /* 108.mp3 */; };
		6DCC14142D0B00C600E352BD /* 071.mp3 in Resources */ = {isa = PBXBuildFile; fileRef = 6DCC13DE2D0B00C600E352BD /* 071.mp3 */; };
		6DCC14152D0B00C600E352BD /* 074.mp3 in Resources */ = {isa = PBXBuildFile; fileRef = 6DCC13DF2D0B00C600E352BD /* 074.mp3 */; };
		6DCC14172D0B180400E352BD /* AudioPlayerViewModel.swift in Sources */ = {isa = PBXBuildFile; fileRef = 6DCC14162D0B180400E352BD /* AudioPlayerViewModel.swift */; };
		6DCC141F2D0B9CAC00E352BD /* OnboardingView.swift in Sources */ = {isa = PBXBuildFile; fileRef = 6DCC141E2D0B9CAC00E352BD /* OnboardingView.swift */; };
		6DCC14202D10193200E352BD /* PrayerView.swift in Sources */ = {isa = PBXBuildFile; fileRef = 6DE78BCA2CB2610F0068F84C /* PrayerView.swift */; };
		6DCC14232D10B50200E352BD /* LondonPrayerTimesResponse.swift in Sources */ = {isa = PBXBuildFile; fileRef = 6DCC14222D10B50200E352BD /* LondonPrayerTimesResponse.swift */; };
		6DCC14252D10C60B00E352BD /* PrayerTimeCalculator.swift in Sources */ = {isa = PBXBuildFile; fileRef = 6DCC14242D10C60B00E352BD /* PrayerTimeCalculator.swift */; };
		6DCC14272D10D10E00E352BD /* LocationSelectionView.swift in Sources */ = {isa = PBXBuildFile; fileRef = 6DCC14262D10D10E00E352BD /* LocationSelectionView.swift */; };
		6DCC142B2D10DEB900E352BD /* schedule_notifications.swift in Sources */ = {isa = PBXBuildFile; fileRef = 6DCC142A2D10DEB900E352BD /* schedule_notifications.swift */; };
		6DCC142D2D14290200E352BD /* RemoteControlHandler.swift in Sources */ = {isa = PBXBuildFile; fileRef = 6DCC142C2D14290200E352BD /* RemoteControlHandler.swift */; };
		6DCC142F2D14299400E352BD /* RemoteControlHostingController.swift in Sources */ = {isa = PBXBuildFile; fileRef = 6DCC142E2D14299400E352BD /* RemoteControlHostingController.swift */; };
		6DE78BCB2CB2610F0068F84C /* PrayerView.swift in Sources */ = {isa = PBXBuildFile; fileRef = 6DE78BCA2CB2610F0068F84C /* PrayerView.swift */; };
		6DE78BCD2CB2613E0068F84C /* TimeBox.swift in Sources */ = {isa = PBXBuildFile; fileRef = 6DE78BCC2CB2613E0068F84C /* TimeBox.swift */; };
		6DE78BCF2CB2615E0068F84C /* SurahMulkView.swift in Sources */ = {isa = PBXBuildFile; fileRef = 6DE78BCE2CB2615E0068F84C /* SurahMulkView.swift */; };
		6DE78BD12CB261880068F84C /* SettingsView.swift in Sources */ = {isa = PBXBuildFile; fileRef = 6DE78BD02CB261880068F84C /* SettingsView.swift */; };
		6DE78BDE2CB28C400068F84C /* CityViewModel.swift in Sources */ = {isa = PBXBuildFile; fileRef = 6DE78BDD2CB28C400068F84C /* CityViewModel.swift */; };
/* End PBXBuildFile section */

/* Begin PBXContainerItemProxy section */
		6DBCFC5D2CB25CC40074796A /* PBXContainerItemProxy */ = {
			isa = PBXContainerItemProxy;
			containerPortal = 6DBCFC422CB25CC30074796A /* Project object */;
			proxyType = 1;
			remoteGlobalIDString = 6DBCFC492CB25CC30074796A;
			remoteInfo = third2.0;
		};
		6DBCFC672CB25CC40074796A /* PBXContainerItemProxy */ = {
			isa = PBXContainerItemProxy;
			containerPortal = 6DBCFC422CB25CC30074796A /* Project object */;
			proxyType = 1;
			remoteGlobalIDString = 6DBCFC492CB25CC30074796A;
			remoteInfo = third2.0;
		};
		6DCC12EE2CFD10DB00E352BD /* PBXContainerItemProxy */ = {
			isa = PBXContainerItemProxy;
			containerPortal = 6DBCFC422CB25CC30074796A /* Project object */;
			proxyType = 1;
			remoteGlobalIDString = 6DCC12DB2CFD10D800E352BD;
			remoteInfo = DaytimeExtension;
		};
/* End PBXContainerItemProxy section */

/* Begin PBXCopyFilesBuildPhase section */
		6DCC12F12CFD10DB00E352BD /* Embed Foundation Extensions */ = {
			isa = PBXCopyFilesBuildPhase;
			buildActionMask = 2147483647;
			dstPath = "";
			dstSubfolderSpec = 13;
			files = (
			);
			name = "Embed Foundation Extensions";
			runOnlyForDeploymentPostprocessing = 0;
		};
/* End PBXCopyFilesBuildPhase section */

/* Begin PBXFileReference section */
		6D4D62812D143844003D7F11 /* QuranBookshelfView.swift */ = {isa = PBXFileReference; lastKnownFileType = sourcecode.swift; path = QuranBookshelfView.swift; sourceTree = "<group>"; };
		6D4D62852D15C53C003D7F11 /* MailView.swift */ = {isa = PBXFileReference; lastKnownFileType = sourcecode.swift; path = MailView.swift; sourceTree = "<group>"; };
		6D4D62872D15C589003D7F11 /* TextDetailView.swift */ = {isa = PBXFileReference; lastKnownFileType = sourcecode.swift; path = TextDetailView.swift; sourceTree = "<group>"; };
		6D4D62892D161DB3003D7F11 /* SettingsButton.swift */ = {isa = PBXFileReference; lastKnownFileType = sourcecode.swift; path = SettingsButton.swift; sourceTree = "<group>"; };
		6D4D628B2D161E42003D7F11 /* NotificationsView.swift */ = {isa = PBXFileReference; lastKnownFileType = sourcecode.swift; path = NotificationsView.swift; sourceTree = "<group>"; };
		6D4D628D2D173181003D7F11 /* mosqueList.swift */ = {isa = PBXFileReference; lastKnownFileType = sourcecode.swift; path = mosqueList.swift; sourceTree = "<group>"; };
		6D4D62902D205B86003D7F11 /* defaultPrayerTimes.swift */ = {isa = PBXFileReference; lastKnownFileType = sourcecode.swift; path = defaultPrayerTimes.swift; sourceTree = "<group>"; };
		6DAD84852CB71B6F0027BF5A /* TasbihCounterView.swift */ = {isa = PBXFileReference; lastKnownFileType = sourcecode.swift; path = TasbihCounterView.swift; sourceTree = "<group>"; };
		6DAD84892CBD09230027BF5A /* DayPrayerView.swift */ = {isa = PBXFileReference; lastKnownFileType = sourcecode.swift; path = DayPrayerView.swift; sourceTree = "<group>"; };
		6DAD848B2CBD0A1F0027BF5A /* DesertView.swift */ = {isa = PBXFileReference; lastKnownFileType = sourcecode.swift; path = DesertView.swift; sourceTree = "<group>"; };
		6DAD848D2CBD0A9C0027BF5A /* StarrySkyView.swift */ = {isa = PBXFileReference; lastKnownFileType = sourcecode.swift; path = StarrySkyView.swift; sourceTree = "<group>"; };
		6DBCFC4A2CB25CC30074796A /* Night Prayers.app */ = {isa = PBXFileReference; explicitFileType = wrapper.application; includeInIndex = 0; path = "Night Prayers.app"; sourceTree = BUILT_PRODUCTS_DIR; };
		6DBCFC4D2CB25CC30074796A /* third2_0App.swift */ = {isa = PBXFileReference; lastKnownFileType = sourcecode.swift; path = third2_0App.swift; sourceTree = "<group>"; };
		6DBCFC4F2CB25CC30074796A /* ContentView.swift */ = {isa = PBXFileReference; lastKnownFileType = sourcecode.swift; path = ContentView.swift; sourceTree = "<group>"; };
		6DBCFC512CB25CC30074796A /* Item.swift */ = {isa = PBXFileReference; lastKnownFileType = sourcecode.swift; path = Item.swift; sourceTree = "<group>"; };
		6DBCFC532CB25CC40074796A /* Assets.xcassets */ = {isa = PBXFileReference; lastKnownFileType = folder.assetcatalog; path = Assets.xcassets; sourceTree = "<group>"; };
		6DBCFC562CB25CC40074796A /* Preview Assets.xcassets */ = {isa = PBXFileReference; lastKnownFileType = folder.assetcatalog; path = "Preview Assets.xcassets"; sourceTree = "<group>"; };
		6DBCFC5C2CB25CC40074796A /* Night PrayersTests.xctest */ = {isa = PBXFileReference; explicitFileType = wrapper.cfbundle; includeInIndex = 0; path = "Night PrayersTests.xctest"; sourceTree = BUILT_PRODUCTS_DIR; };
		6DBCFC602CB25CC40074796A /* third2_0Tests.swift */ = {isa = PBXFileReference; lastKnownFileType = sourcecode.swift; path = third2_0Tests.swift; sourceTree = "<group>"; };
		6DBCFC662CB25CC40074796A /* Night PrayersUITests.xctest */ = {isa = PBXFileReference; explicitFileType = wrapper.cfbundle; includeInIndex = 0; path = "Night PrayersUITests.xctest"; sourceTree = BUILT_PRODUCTS_DIR; };
		6DBCFC6A2CB25CC40074796A /* third2_0UITests.swift */ = {isa = PBXFileReference; lastKnownFileType = sourcecode.swift; path = third2_0UITests.swift; sourceTree = "<group>"; };
		6DBCFC6C2CB25CC40074796A /* third2_0UITestsLaunchTests.swift */ = {isa = PBXFileReference; lastKnownFileType = sourcecode.swift; path = third2_0UITestsLaunchTests.swift; sourceTree = "<group>"; };
		6DCC12DC2CFD10D800E352BD /* DaytimeExtension.appex */ = {isa = PBXFileReference; explicitFileType = "wrapper.app-extension"; includeInIndex = 0; path = DaytimeExtension.appex; sourceTree = BUILT_PRODUCTS_DIR; };
		6DCC12DE2CFD10D900E352BD /* WidgetKit.framework */ = {isa = PBXFileReference; lastKnownFileType = wrapper.framework; name = WidgetKit.framework; path = System/Library/Frameworks/WidgetKit.framework; sourceTree = SDKROOT; };
		6DCC12E02CFD10D900E352BD /* SwiftUI.framework */ = {isa = PBXFileReference; lastKnownFileType = wrapper.framework; name = SwiftUI.framework; path = System/Library/Frameworks/SwiftUI.framework; sourceTree = SDKROOT; };
		6DCC12FD2D0629BC00E352BD /* MissionText.swift */ = {isa = PBXFileReference; lastKnownFileType = sourcecode.swift; path = MissionText.swift; sourceTree = "<group>"; };
		6DCC12FF2D0629CF00E352BD /* PrivacyPolicyText.swift */ = {isa = PBXFileReference; lastKnownFileType = sourcecode.swift; path = PrivacyPolicyText.swift; sourceTree = "<group>"; };
		6DCC13072D083FAC00E352BD /* countryCodeMapping.swift */ = {isa = PBXFileReference; lastKnownFileType = sourcecode.swift; path = countryCodeMapping.swift; sourceTree = "<group>"; };
		6DCC131B2D09853D00E352BD /* NotificationManager.swift */ = {isa = PBXFileReference; lastKnownFileType = sourcecode.swift; path = NotificationManager.swift; sourceTree = "<group>"; };
		6DCC131F2D0AD43500E352BD /* GoogleService-Info.plist */ = {isa = PBXFileReference; fileEncoding = 4; lastKnownFileType = text.plist.xml; name = "GoogleService-Info.plist"; path = "../../../../GoogleService-Info.plist"; sourceTree = "<group>"; };
		6DCC13252D0AF36F00E352BD /* QuranView.swift */ = {isa = PBXFileReference; lastKnownFileType = sourcecode.swift; path = QuranView.swift; sourceTree = "<group>"; };
		6DCC13282D0AF60B00E352BD /* Surah.swift */ = {isa = PBXFileReference; lastKnownFileType = sourcecode.swift; path = Surah.swift; sourceTree = "<group>"; };
		6DCC132A2D0AF63C00E352BD /* surahs.swift */ = {isa = PBXFileReference; lastKnownFileType = sourcecode.swift; path = surahs.swift; sourceTree = "<group>"; };
		6DCC132C2D0AF70400E352BD /* MinimizedAudioPlayerView.swift */ = {isa = PBXFileReference; lastKnownFileType = sourcecode.swift; path = MinimizedAudioPlayerView.swift; sourceTree = "<group>"; };
		6DCC132E2D0AF76C00E352BD /* DetailView.swift */ = {isa = PBXFileReference; lastKnownFileType = sourcecode.swift; path = DetailView.swift; sourceTree = "<group>"; };
		6DCC13322D0AFF1E00E352BD /* 017.mp3 */ = {isa = PBXFileReference; lastKnownFileType = audio.mp3; name = 017.mp3; path = ../../../../../../Downloads/017.mp3; sourceTree = "<group>"; };
		6DCC13332D0AFF1E00E352BD /* 031.mp3 */ = {isa = PBXFileReference; lastKnownFileType = audio.mp3; name = 031.mp3; path = ../../../../../../Downloads/031.mp3; sourceTree = "<group>"; };
		6DCC13342D0AFF1E00E352BD /* 034.mp3 */ = {isa = PBXFileReference; lastKnownFileType = audio.mp3; name = 034.mp3; path = ../../../../../../Downloads/034.mp3; sourceTree = "<group>"; };
		6DCC13352D0AFF1E00E352BD /* 029.mp3 */ = {isa = PBXFileReference; lastKnownFileType = audio.mp3; name = 029.mp3; path = ../../../../../../Downloads/029.mp3; sourceTree = "<group>"; };
		6DCC13362D0AFF1E00E352BD /* 039.mp3 */ = {isa = PBXFileReference; lastKnownFileType = audio.mp3; name = 039.mp3; path = ../../../../../../Downloads/039.mp3; sourceTree = "<group>"; };
		6DCC13372D0AFF1E00E352BD /* 035.mp3 */ = {isa = PBXFileReference; lastKnownFileType = audio.mp3; name = 035.mp3; path = ../../../../../../Downloads/035.mp3; sourceTree = "<group>"; };
		6DCC13382D0AFF1E00E352BD /* 037.mp3 */ = {isa = PBXFileReference; lastKnownFileType = audio.mp3; name = 037.mp3; path = ../../../../../../Downloads/037.mp3; sourceTree = "<group>"; };
		6DCC13392D0AFF1E00E352BD /* 028.mp3 */ = {isa = PBXFileReference; lastKnownFileType = audio.mp3; name = 028.mp3; path = ../../../../../../Downloads/028.mp3; sourceTree = "<group>"; };
		6DCC133A2D0AFF1E00E352BD /* 032.mp3 */ = {isa = PBXFileReference; lastKnownFileType = audio.mp3; name = 032.mp3; path = ../../../../../../Downloads/032.mp3; sourceTree = "<group>"; };
		6DCC133B2D0AFF1E00E352BD /* 010.mp3 */ = {isa = PBXFileReference; lastKnownFileType = audio.mp3; name = 010.mp3; path = ../../../../../../Downloads/010.mp3; sourceTree = "<group>"; };
		6DCC133C2D0AFF1E00E352BD /* 007.mp3 */ = {isa = PBXFileReference; lastKnownFileType = audio.mp3; name = 007.mp3; path = ../../../../../../Downloads/007.mp3; sourceTree = "<group>"; };
		6DCC133D2D0AFF1E00E352BD /* 040.mp3 */ = {isa = PBXFileReference; lastKnownFileType = audio.mp3; name = 040.mp3; path = ../../../../../../Downloads/040.mp3; sourceTree = "<group>"; };
		6DCC133E2D0AFF1E00E352BD /* 027.mp3 */ = {isa = PBXFileReference; lastKnownFileType = audio.mp3; name = 027.mp3; path = ../../../../../../Downloads/027.mp3; sourceTree = "<group>"; };
		6DCC133F2D0AFF1E00E352BD /* 036.mp3 */ = {isa = PBXFileReference; lastKnownFileType = audio.mp3; name = 036.mp3; path = ../../../../../../Downloads/036.mp3; sourceTree = "<group>"; };
		6DCC13402D0AFF1E00E352BD /* 002.mp3 */ = {isa = PBXFileReference; lastKnownFileType = audio.mp3; name = 002.mp3; path = ../../../../../../Downloads/002.mp3; sourceTree = "<group>"; };
		6DCC13412D0AFF1E00E352BD /* 015.mp3 */ = {isa = PBXFileReference; lastKnownFileType = audio.mp3; name = 015.mp3; path = ../../../../../../Downloads/015.mp3; sourceTree = "<group>"; };
		6DCC13422D0AFF1E00E352BD /* 021.mp3 */ = {isa = PBXFileReference; lastKnownFileType = audio.mp3; name = 021.mp3; path = ../../../../../../Downloads/021.mp3; sourceTree = "<group>"; };
		6DCC13432D0AFF1E00E352BD /* 004.mp3 */ = {isa = PBXFileReference; lastKnownFileType = audio.mp3; name = 004.mp3; path = ../../../../../../Downloads/004.mp3; sourceTree = "<group>"; };
		6DCC13442D0AFF1E00E352BD /* 013.mp3 */ = {isa = PBXFileReference; lastKnownFileType = audio.mp3; name = 013.mp3; path = ../../../../../../Downloads/013.mp3; sourceTree = "<group>"; };
		6DCC13452D0AFF1E00E352BD /* 022.mp3 */ = {isa = PBXFileReference; lastKnownFileType = audio.mp3; name = 022.mp3; path = ../../../../../../Downloads/022.mp3; sourceTree = "<group>"; };
		6DCC13462D0AFF1E00E352BD /* 023.mp3 */ = {isa = PBXFileReference; lastKnownFileType = audio.mp3; name = 023.mp3; path = ../../../../../../Downloads/023.mp3; sourceTree = "<group>"; };
		6DCC13472D0AFF1E00E352BD /* 008.mp3 */ = {isa = PBXFileReference; lastKnownFileType = audio.mp3; name = 008.mp3; path = ../../../../../../Downloads/008.mp3; sourceTree = "<group>"; };
		6DCC13482D0AFF1E00E352BD /* 018.mp3 */ = {isa = PBXFileReference; lastKnownFileType = audio.mp3; name = 018.mp3; path = ../../../../../../Downloads/018.mp3; sourceTree = "<group>"; };
		6DCC13492D0AFF1E00E352BD /* 020.mp3 */ = {isa = PBXFileReference; lastKnownFileType = audio.mp3; name = 020.mp3; path = ../../../../../../Downloads/020.mp3; sourceTree = "<group>"; };
		6DCC134A2D0AFF1E00E352BD /* 026.mp3 */ = {isa = PBXFileReference; lastKnownFileType = audio.mp3; name = 026.mp3; path = ../../../../../../Downloads/026.mp3; sourceTree = "<group>"; };
		6DCC134B2D0AFF1E00E352BD /* 024.mp3 */ = {isa = PBXFileReference; lastKnownFileType = audio.mp3; name = 024.mp3; path = ../../../../../../Downloads/024.mp3; sourceTree = "<group>"; };
		6DCC134C2D0AFF1E00E352BD /* 006.mp3 */ = {isa = PBXFileReference; lastKnownFileType = audio.mp3; name = 006.mp3; path = ../../../../../../Downloads/006.mp3; sourceTree = "<group>"; };
		6DCC134D2D0AFF1E00E352BD /* 025.mp3 */ = {isa = PBXFileReference; lastKnownFileType = audio.mp3; name = 025.mp3; path = ../../../../../../Downloads/025.mp3; sourceTree = "<group>"; };
		6DCC134E2D0AFF1E00E352BD /* 011.mp3 */ = {isa = PBXFileReference; lastKnownFileType = audio.mp3; name = 011.mp3; path = ../../../../../../Downloads/011.mp3; sourceTree = "<group>"; };
		6DCC134F2D0AFF1E00E352BD /* 016.mp3 */ = {isa = PBXFileReference; lastKnownFileType = audio.mp3; name = 016.mp3; path = ../../../../../../Downloads/016.mp3; sourceTree = "<group>"; };
		6DCC13502D0AFF1E00E352BD /* 019.mp3 */ = {isa = PBXFileReference; lastKnownFileType = audio.mp3; name = 019.mp3; path = ../../../../../../Downloads/019.mp3; sourceTree = "<group>"; };
		6DCC13512D0AFF1E00E352BD /* 030.mp3 */ = {isa = PBXFileReference; lastKnownFileType = audio.mp3; name = 030.mp3; path = ../../../../../../Downloads/030.mp3; sourceTree = "<group>"; };
		6DCC13522D0AFF1E00E352BD /* 038.mp3 */ = {isa = PBXFileReference; lastKnownFileType = audio.mp3; name = 038.mp3; path = ../../../../../../Downloads/038.mp3; sourceTree = "<group>"; };
		6DCC13532D0AFF1E00E352BD /* 003.mp3 */ = {isa = PBXFileReference; lastKnownFileType = audio.mp3; name = 003.mp3; path = ../../../../../../Downloads/003.mp3; sourceTree = "<group>"; };
		6DCC13542D0AFF1E00E352BD /* 033.mp3 */ = {isa = PBXFileReference; lastKnownFileType = audio.mp3; name = 033.mp3; path = ../../../../../../Downloads/033.mp3; sourceTree = "<group>"; };
		6DCC13552D0AFF1E00E352BD /* 014.mp3 */ = {isa = PBXFileReference; lastKnownFileType = audio.mp3; name = 014.mp3; path = ../../../../../../Downloads/014.mp3; sourceTree = "<group>"; };
		6DCC13562D0AFF1E00E352BD /* 009.mp3 */ = {isa = PBXFileReference; lastKnownFileType = audio.mp3; name = 009.mp3; path = ../../../../../../Downloads/009.mp3; sourceTree = "<group>"; };
		6DCC13572D0AFF1E00E352BD /* 001.mp3 */ = {isa = PBXFileReference; lastKnownFileType = audio.mp3; name = 001.mp3; path = ../../../../../../Downloads/001.mp3; sourceTree = "<group>"; };
		6DCC13582D0AFF1E00E352BD /* 012.mp3 */ = {isa = PBXFileReference; lastKnownFileType = audio.mp3; name = 012.mp3; path = ../../../../../../Downloads/012.mp3; sourceTree = "<group>"; };
		6DCC13592D0AFF1E00E352BD /* 005.mp3 */ = {isa = PBXFileReference; lastKnownFileType = audio.mp3; name = 005.mp3; path = ../../../../../../Downloads/005.mp3; sourceTree = "<group>"; };
		6DCC13822D0AFF9B00E352BD /* 060.mp3 */ = {isa = PBXFileReference; lastKnownFileType = audio.mp3; name = 060.mp3; path = ../../../../../../Downloads/060.mp3; sourceTree = "<group>"; };
		6DCC13832D0AFF9B00E352BD /* 048.mp3 */ = {isa = PBXFileReference; lastKnownFileType = audio.mp3; name = 048.mp3; path = ../../../../../../Downloads/048.mp3; sourceTree = "<group>"; };
		6DCC13842D0AFF9B00E352BD /* 044.mp3 */ = {isa = PBXFileReference; lastKnownFileType = audio.mp3; name = 044.mp3; path = ../../../../../../Downloads/044.mp3; sourceTree = "<group>"; };
		6DCC13852D0AFF9B00E352BD /* 046.mp3 */ = {isa = PBXFileReference; lastKnownFileType = audio.mp3; name = 046.mp3; path = ../../../../../../Downloads/046.mp3; sourceTree = "<group>"; };
		6DCC13862D0AFF9B00E352BD /* 052.mp3 */ = {isa = PBXFileReference; lastKnownFileType = audio.mp3; name = 052.mp3; path = ../../../../../../Downloads/052.mp3; sourceTree = "<group>"; };
		6DCC13872D0AFF9B00E352BD /* 056.mp3 */ = {isa = PBXFileReference; lastKnownFileType = audio.mp3; name = 056.mp3; path = ../../../../../../Downloads/056.mp3; sourceTree = "<group>"; };
		6DCC13882D0AFF9B00E352BD /* 057.mp3 */ = {isa = PBXFileReference; lastKnownFileType = audio.mp3; name = 057.mp3; path = ../../../../../../Downloads/057.mp3; sourceTree = "<group>"; };
		6DCC13892D0AFF9B00E352BD /* 050.mp3 */ = {isa = PBXFileReference; lastKnownFileType = audio.mp3; name = 050.mp3; path = ../../../../../../Downloads/050.mp3; sourceTree = "<group>"; };
		6DCC138A2D0AFF9B00E352BD /* 051.mp3 */ = {isa = PBXFileReference; lastKnownFileType = audio.mp3; name = 051.mp3; path = ../../../../../../Downloads/051.mp3; sourceTree = "<group>"; };
		6DCC138B2D0AFF9B00E352BD /* 047.mp3 */ = {isa = PBXFileReference; lastKnownFileType = audio.mp3; name = 047.mp3; path = ../../../../../../Downloads/047.mp3; sourceTree = "<group>"; };
		6DCC138C2D0AFF9B00E352BD /* 045.mp3 */ = {isa = PBXFileReference; lastKnownFileType = audio.mp3; name = 045.mp3; path = ../../../../../../Downloads/045.mp3; sourceTree = "<group>"; };
		6DCC138D2D0AFF9B00E352BD /* 054.mp3 */ = {isa = PBXFileReference; lastKnownFileType = audio.mp3; name = 054.mp3; path = ../../../../../../Downloads/054.mp3; sourceTree = "<group>"; };
		6DCC138E2D0AFF9B00E352BD /* 055.mp3 */ = {isa = PBXFileReference; lastKnownFileType = audio.mp3; name = 055.mp3; path = ../../../../../../Downloads/055.mp3; sourceTree = "<group>"; };
		6DCC138F2D0AFF9B00E352BD /* 058.mp3 */ = {isa = PBXFileReference; lastKnownFileType = audio.mp3; name = 058.mp3; path = ../../../../../../Downloads/058.mp3; sourceTree = "<group>"; };
		6DCC13902D0AFF9B00E352BD /* 059.mp3 */ = {isa = PBXFileReference; lastKnownFileType = audio.mp3; name = 059.mp3; path = ../../../../../../Downloads/059.mp3; sourceTree = "<group>"; };
		6DCC13912D0AFF9B00E352BD /* 041.mp3 */ = {isa = PBXFileReference; lastKnownFileType = audio.mp3; name = 041.mp3; path = ../../../../../../Downloads/041.mp3; sourceTree = "<group>"; };
		6DCC13922D0AFF9B00E352BD /* 043.mp3 */ = {isa = PBXFileReference; lastKnownFileType = audio.mp3; name = 043.mp3; path = ../../../../../../Downloads/043.mp3; sourceTree = "<group>"; };
		6DCC13932D0AFF9B00E352BD /* 049.mp3 */ = {isa = PBXFileReference; lastKnownFileType = audio.mp3; name = 049.mp3; path = ../../../../../../Downloads/049.mp3; sourceTree = "<group>"; };
		6DCC13942D0AFF9B00E352BD /* 042.mp3 */ = {isa = PBXFileReference; lastKnownFileType = audio.mp3; name = 042.mp3; path = ../../../../../../Downloads/042.mp3; sourceTree = "<group>"; };
		6DCC13952D0AFF9B00E352BD /* 053.mp3 */ = {isa = PBXFileReference; lastKnownFileType = audio.mp3; name = 053.mp3; path = ../../../../../../Downloads/053.mp3; sourceTree = "<group>"; };
		6DCC13AA2D0B00C500E352BD /* 095.mp3 */ = {isa = PBXFileReference; lastKnownFileType = audio.mp3; name = 095.mp3; path = ../../../../../../Downloads/095.mp3; sourceTree = "<group>"; };
		6DCC13AB2D0B00C500E352BD /* 087.mp3 */ = {isa = PBXFileReference; lastKnownFileType = audio.mp3; name = 087.mp3; path = ../../../../../../Downloads/087.mp3; sourceTree = "<group>"; };
		6DCC13AC2D0B00C500E352BD /* 065.mp3 */ = {isa = PBXFileReference; lastKnownFileType = audio.mp3; name = 065.mp3; path = ../../../../../../Downloads/065.mp3; sourceTree = "<group>"; };
		6DCC13AD2D0B00C500E352BD /* 105.mp3 */ = {isa = PBXFileReference; lastKnownFileType = audio.mp3; name = 105.mp3; path = ../../../../../../Downloads/105.mp3; sourceTree = "<group>"; };
		6DCC13AE2D0B00C500E352BD /* 110.mp3 */ = {isa = PBXFileReference; lastKnownFileType = audio.mp3; name = 110.mp3; path = ../../../../../../Downloads/110.mp3; sourceTree = "<group>"; };
		6DCC13AF2D0B00C500E352BD /* 083.mp3 */ = {isa = PBXFileReference; lastKnownFileType = audio.mp3; name = 083.mp3; path = ../../../../../../Downloads/083.mp3; sourceTree = "<group>"; };
		6DCC13B02D0B00C600E352BD /* 063.mp3 */ = {isa = PBXFileReference; lastKnownFileType = audio.mp3; name = 063.mp3; path = ../../../../../../Downloads/063.mp3; sourceTree = "<group>"; };
		6DCC13B12D0B00C600E352BD /* 084.mp3 */ = {isa = PBXFileReference; lastKnownFileType = audio.mp3; name = 084.mp3; path = ../../../../../../Downloads/084.mp3; sourceTree = "<group>"; };
		6DCC13B22D0B00C600E352BD /* 109.mp3 */ = {isa = PBXFileReference; lastKnownFileType = audio.mp3; name = 109.mp3; path = ../../../../../../Downloads/109.mp3; sourceTree = "<group>"; };
		6DCC13B32D0B00C600E352BD /* 093.mp3 */ = {isa = PBXFileReference; lastKnownFileType = audio.mp3; name = 093.mp3; path = ../../../../../../Downloads/093.mp3; sourceTree = "<group>"; };
		6DCC13B42D0B00C600E352BD /* 080.mp3 */ = {isa = PBXFileReference; lastKnownFileType = audio.mp3; name = 080.mp3; path = ../../../../../../Downloads/080.mp3; sourceTree = "<group>"; };
		6DCC13B52D0B00C600E352BD /* 097.mp3 */ = {isa = PBXFileReference; lastKnownFileType = audio.mp3; name = 097.mp3; path = ../../../../../../Downloads/097.mp3; sourceTree = "<group>"; };
		6DCC13B62D0B00C600E352BD /* 107.mp3 */ = {isa = PBXFileReference; lastKnownFileType = audio.mp3; name = 107.mp3; path = ../../../../../../Downloads/107.mp3; sourceTree = "<group>"; };
		6DCC13B72D0B00C600E352BD /* 100.mp3 */ = {isa = PBXFileReference; lastKnownFileType = audio.mp3; name = 100.mp3; path = ../../../../../../Downloads/100.mp3; sourceTree = "<group>"; };
		6DCC13B82D0B00C600E352BD /* 106.mp3 */ = {isa = PBXFileReference; lastKnownFileType = audio.mp3; name = 106.mp3; path = ../../../../../../Downloads/106.mp3; sourceTree = "<group>"; };
		6DCC13B92D0B00C600E352BD /* 082.mp3 */ = {isa = PBXFileReference; lastKnownFileType = audio.mp3; name = 082.mp3; path = ../../../../../../Downloads/082.mp3; sourceTree = "<group>"; };
		6DCC13BA2D0B00C600E352BD /* 099.mp3 */ = {isa = PBXFileReference; lastKnownFileType = audio.mp3; name = 099.mp3; path = ../../../../../../Downloads/099.mp3; sourceTree = "<group>"; };
		6DCC13BB2D0B00C600E352BD /* 103.mp3 */ = {isa = PBXFileReference; lastKnownFileType = audio.mp3; name = 103.mp3; path = ../../../../../../Downloads/103.mp3; sourceTree = "<group>"; };
		6DCC13BC2D0B00C600E352BD /* 073.mp3 */ = {isa = PBXFileReference; lastKnownFileType = audio.mp3; name = 073.mp3; path = ../../../../../../Downloads/073.mp3; sourceTree = "<group>"; };
		6DCC13BD2D0B00C600E352BD /* 081.mp3 */ = {isa = PBXFileReference; lastKnownFileType = audio.mp3; name = 081.mp3; path = ../../../../../../Downloads/081.mp3; sourceTree = "<group>"; };
		6DCC13BE2D0B00C600E352BD /* 089.mp3 */ = {isa = PBXFileReference; lastKnownFileType = audio.mp3; name = 089.mp3; path = ../../../../../../Downloads/089.mp3; sourceTree = "<group>"; };
		6DCC13BF2D0B00C600E352BD /* 111.mp3 */ = {isa = PBXFileReference; lastKnownFileType = audio.mp3; name = 111.mp3; path = ../../../../../../Downloads/111.mp3; sourceTree = "<group>"; };
		6DCC13C02D0B00C600E352BD /* 066.mp3 */ = {isa = PBXFileReference; lastKnownFileType = audio.mp3; name = 066.mp3; path = ../../../../../../Downloads/066.mp3; sourceTree = "<group>"; };
		6DCC13C12D0B00C600E352BD /* 112.mp3 */ = {isa = PBXFileReference; lastKnownFileType = audio.mp3; name = 112.mp3; path = ../../../../../../Downloads/112.mp3; sourceTree = "<group>"; };
		6DCC13C22D0B00C600E352BD /* 092.mp3 */ = {isa = PBXFileReference; lastKnownFileType = audio.mp3; name = 092.mp3; path = ../../../../../../Downloads/092.mp3; sourceTree = "<group>"; };
		6DCC13C32D0B00C600E352BD /* 104.mp3 */ = {isa = PBXFileReference; lastKnownFileType = audio.mp3; name = 104.mp3; path = ../../../../../../Downloads/104.mp3; sourceTree = "<group>"; };
		6DCC13C42D0B00C600E352BD /* 086.mp3 */ = {isa = PBXFileReference; lastKnownFileType = audio.mp3; name = 086.mp3; path = ../../../../../../Downloads/086.mp3; sourceTree = "<group>"; };
		6DCC13C52D0B00C600E352BD /* 114.mp3 */ = {isa = PBXFileReference; lastKnownFileType = audio.mp3; name = 114.mp3; path = ../../../../../../Downloads/114.mp3; sourceTree = "<group>"; };
		6DCC13C62D0B00C600E352BD /* 094.mp3 */ = {isa = PBXFileReference; lastKnownFileType = audio.mp3; name = 094.mp3; path = ../../../../../../Downloads/094.mp3; sourceTree = "<group>"; };
		6DCC13C72D0B00C600E352BD /* 072.mp3 */ = {isa = PBXFileReference; lastKnownFileType = audio.mp3; name = 072.mp3; path = ../../../../../../Downloads/072.mp3; sourceTree = "<group>"; };
		6DCC13C82D0B00C600E352BD /* 113.mp3 */ = {isa = PBXFileReference; lastKnownFileType = audio.mp3; name = 113.mp3; path = ../../../../../../Downloads/113.mp3; sourceTree = "<group>"; };
		6DCC13C92D0B00C600E352BD /* 091.mp3 */ = {isa = PBXFileReference; lastKnownFileType = audio.mp3; name = 091.mp3; path = ../../../../../../Downloads/091.mp3; sourceTree = "<group>"; };
		6DCC13CA2D0B00C600E352BD /* 096.mp3 */ = {isa = PBXFileReference; lastKnownFileType = audio.mp3; name = 096.mp3; path = ../../../../../../Downloads/096.mp3; sourceTree = "<group>"; };
		6DCC13CB2D0B00C600E352BD /* 064.mp3 */ = {isa = PBXFileReference; lastKnownFileType = audio.mp3; name = 064.mp3; path = ../../../../../../Downloads/064.mp3; sourceTree = "<group>"; };
		6DCC13CC2D0B00C600E352BD /* 068.mp3 */ = {isa = PBXFileReference; lastKnownFileType = audio.mp3; name = 068.mp3; path = ../../../../../../Downloads/068.mp3; sourceTree = "<group>"; };
		6DCC13CD2D0B00C600E352BD /* 085.mp3 */ = {isa = PBXFileReference; lastKnownFileType = audio.mp3; name = 085.mp3; path = ../../../../../../Downloads/085.mp3; sourceTree = "<group>"; };
		6DCC13CE2D0B00C600E352BD /* 077.mp3 */ = {isa = PBXFileReference; lastKnownFileType = audio.mp3; name = 077.mp3; path = ../../../../../../Downloads/077.mp3; sourceTree = "<group>"; };
		6DCC13CF2D0B00C600E352BD /* 101.mp3 */ = {isa = PBXFileReference; lastKnownFileType = audio.mp3; name = 101.mp3; path = ../../../../../../Downloads/101.mp3; sourceTree = "<group>"; };
		6DCC13D02D0B00C600E352BD /* 098.mp3 */ = {isa = PBXFileReference; lastKnownFileType = audio.mp3; name = 098.mp3; path = ../../../../../../Downloads/098.mp3; sourceTree = "<group>"; };
		6DCC13D12D0B00C600E352BD /* 069.mp3 */ = {isa = PBXFileReference; lastKnownFileType = audio.mp3; name = 069.mp3; path = ../../../../../../Downloads/069.mp3; sourceTree = "<group>"; };
		6DCC13D22D0B00C600E352BD /* 067.mp3 */ = {isa = PBXFileReference; lastKnownFileType = audio.mp3; name = 067.mp3; path = ../../../../../../Downloads/067.mp3; sourceTree = "<group>"; };
		6DCC13D32D0B00C600E352BD /* 062.mp3 */ = {isa = PBXFileReference; lastKnownFileType = audio.mp3; name = 062.mp3; path = ../../../../../../Downloads/062.mp3; sourceTree = "<group>"; };
		6DCC13D42D0B00C600E352BD /* 078.mp3 */ = {isa = PBXFileReference; lastKnownFileType = audio.mp3; name = 078.mp3; path = ../../../../../../Downloads/078.mp3; sourceTree = "<group>"; };
		6DCC13D52D0B00C600E352BD /* 088.mp3 */ = {isa = PBXFileReference; lastKnownFileType = audio.mp3; name = 088.mp3; path = ../../../../../../Downloads/088.mp3; sourceTree = "<group>"; };
		6DCC13D62D0B00C600E352BD /* 079.mp3 */ = {isa = PBXFileReference; lastKnownFileType = audio.mp3; name = 079.mp3; path = ../../../../../../Downloads/079.mp3; sourceTree = "<group>"; };
		6DCC13D72D0B00C600E352BD /* 076.mp3 */ = {isa = PBXFileReference; lastKnownFileType = audio.mp3; name = 076.mp3; path = ../../../../../../Downloads/076.mp3; sourceTree = "<group>"; };
		6DCC13D82D0B00C600E352BD /* 102.mp3 */ = {isa = PBXFileReference; lastKnownFileType = audio.mp3; name = 102.mp3; path = ../../../../../../Downloads/102.mp3; sourceTree = "<group>"; };
		6DCC13D92D0B00C600E352BD /* 070.mp3 */ = {isa = PBXFileReference; lastKnownFileType = audio.mp3; name = 070.mp3; path = ../../../../../../Downloads/070.mp3; sourceTree = "<group>"; };
		6DCC13DA2D0B00C600E352BD /* 075.mp3 */ = {isa = PBXFileReference; lastKnownFileType = audio.mp3; name = 075.mp3; path = ../../../../../../Downloads/075.mp3; sourceTree = "<group>"; };
		6DCC13DB2D0B00C600E352BD /* 061.mp3 */ = {isa = PBXFileReference; lastKnownFileType = audio.mp3; name = 061.mp3; path = ../../../../../../Downloads/061.mp3; sourceTree = "<group>"; };
		6DCC13DC2D0B00C600E352BD /* 090.mp3 */ = {isa = PBXFileReference; lastKnownFileType = audio.mp3; name = 090.mp3; path = ../../../../../../Downloads/090.mp3; sourceTree = "<group>"; };
		6DCC13DD2D0B00C600E352BD /* 108.mp3 */ = {isa = PBXFileReference; lastKnownFileType = audio.mp3; name = 108.mp3; path = ../../../../../../Downloads/108.mp3; sourceTree = "<group>"; };
		6DCC13DE2D0B00C600E352BD /* 071.mp3 */ = {isa = PBXFileReference; lastKnownFileType = audio.mp3; name = 071.mp3; path = ../../../../../../Downloads/071.mp3; sourceTree = "<group>"; };
		6DCC13DF2D0B00C600E352BD /* 074.mp3 */ = {isa = PBXFileReference; lastKnownFileType = audio.mp3; name = 074.mp3; path = ../../../../../../Downloads/074.mp3; sourceTree = "<group>"; };
		6DCC14162D0B180400E352BD /* AudioPlayerViewModel.swift */ = {isa = PBXFileReference; lastKnownFileType = sourcecode.swift; path = AudioPlayerViewModel.swift; sourceTree = "<group>"; };
		6DCC14182D0B28B200E352BD /* Night-Prayers-Info.plist */ = {isa = PBXFileReference; lastKnownFileType = text.plist; path = "Night-Prayers-Info.plist"; sourceTree = "<group>"; };
		6DCC141E2D0B9CAC00E352BD /* OnboardingView.swift */ = {isa = PBXFileReference; lastKnownFileType = sourcecode.swift; path = OnboardingView.swift; sourceTree = "<group>"; };
		6DCC14222D10B50200E352BD /* LondonPrayerTimesResponse.swift */ = {isa = PBXFileReference; lastKnownFileType = sourcecode.swift; path = LondonPrayerTimesResponse.swift; sourceTree = "<group>"; };
		6DCC14242D10C60B00E352BD /* PrayerTimeCalculator.swift */ = {isa = PBXFileReference; lastKnownFileType = sourcecode.swift; path = PrayerTimeCalculator.swift; sourceTree = "<group>"; };
		6DCC14262D10D10E00E352BD /* LocationSelectionView.swift */ = {isa = PBXFileReference; lastKnownFileType = sourcecode.swift; path = LocationSelectionView.swift; sourceTree = "<group>"; };
		6DCC14282D10D9CC00E352BD /* Night Prayers.entitlements */ = {isa = PBXFileReference; lastKnownFileType = text.plist.entitlements; path = "Night Prayers.entitlements"; sourceTree = "<group>"; };
		6DCC142A2D10DEB900E352BD /* schedule_notifications.swift */ = {isa = PBXFileReference; lastKnownFileType = sourcecode.swift; path = schedule_notifications.swift; sourceTree = "<group>"; };
		6DCC142C2D14290200E352BD /* RemoteControlHandler.swift */ = {isa = PBXFileReference; lastKnownFileType = sourcecode.swift; path = RemoteControlHandler.swift; sourceTree = "<group>"; };
		6DCC142E2D14299400E352BD /* RemoteControlHostingController.swift */ = {isa = PBXFileReference; lastKnownFileType = sourcecode.swift; path = RemoteControlHostingController.swift; sourceTree = "<group>"; };
		6DE78BCA2CB2610F0068F84C /* PrayerView.swift */ = {isa = PBXFileReference; lastKnownFileType = sourcecode.swift; path = PrayerView.swift; sourceTree = "<group>"; };
		6DE78BCC2CB2613E0068F84C /* TimeBox.swift */ = {isa = PBXFileReference; lastKnownFileType = sourcecode.swift; path = TimeBox.swift; sourceTree = "<group>"; };
		6DE78BCE2CB2615E0068F84C /* SurahMulkView.swift */ = {isa = PBXFileReference; lastKnownFileType = sourcecode.swift; path = SurahMulkView.swift; sourceTree = "<group>"; };
		6DE78BD02CB261880068F84C /* SettingsView.swift */ = {isa = PBXFileReference; lastKnownFileType = sourcecode.swift; path = SettingsView.swift; sourceTree = "<group>"; };
		6DE78BDD2CB28C400068F84C /* CityViewModel.swift */ = {isa = PBXFileReference; lastKnownFileType = sourcecode.swift; path = CityViewModel.swift; sourceTree = "<group>"; };
/* End PBXFileReference section */

/* Begin PBXFrameworksBuildPhase section */
		6DBCFC472CB25CC30074796A /* Frameworks */ = {
			isa = PBXFrameworksBuildPhase;
			buildActionMask = 2147483647;
			files = (
				6DCC13062D062FD700E352BD /* FirebaseMessaging in Frameworks */,
				6DAD84822CB7176B0027BF5A /* FirebaseCore in Frameworks */,
				6DAD84802CB7176B0027BF5A /* FirebaseAnalytics in Frameworks */,
				6DCC13042D062FD700E352BD /* FirebaseFunctions in Frameworks */,
				6DAD84842CB7176B0027BF5A /* FirebaseFirestore in Frameworks */,
				6DCC13022D062FD700E352BD /* FirebaseAuth in Frameworks */,
			);
			runOnlyForDeploymentPostprocessing = 0;
		};
		6DBCFC592CB25CC40074796A /* Frameworks */ = {
			isa = PBXFrameworksBuildPhase;
			buildActionMask = 2147483647;
			files = (
			);
			runOnlyForDeploymentPostprocessing = 0;
		};
		6DBCFC632CB25CC40074796A /* Frameworks */ = {
			isa = PBXFrameworksBuildPhase;
			buildActionMask = 2147483647;
			files = (
			);
			runOnlyForDeploymentPostprocessing = 0;
		};
		6DCC12D92CFD10D800E352BD /* Frameworks */ = {
			isa = PBXFrameworksBuildPhase;
			buildActionMask = 2147483647;
			files = (
				6DCC12E12CFD10D900E352BD /* SwiftUI.framework in Frameworks */,
				6DCC12DF2CFD10D900E352BD /* WidgetKit.framework in Frameworks */,
			);
			runOnlyForDeploymentPostprocessing = 0;
		};
/* End PBXFrameworksBuildPhase section */

/* Begin PBXGroup section */
		6D4D628F2D1732DB003D7F11 /* Logic */ = {
			isa = PBXGroup;
			children = (
				6DBCFC512CB25CC30074796A /* Item.swift */,
				6DCC14242D10C60B00E352BD /* PrayerTimeCalculator.swift */,
			);
			path = Logic;
			sourceTree = "<group>";
		};
		6DBCFC412CB25CC30074796A = {
			isa = PBXGroup;
			children = (
				6DCC14282D10D9CC00E352BD /* Night Prayers.entitlements */,
				6DCC14182D0B28B200E352BD /* Night-Prayers-Info.plist */,
				6DBCFC4C2CB25CC30074796A /* third2.0 */,
				6DBCFC5F2CB25CC40074796A /* third2.0Tests */,
				6DBCFC692CB25CC40074796A /* third2.0UITests */,
				6DCC12DD2CFD10D900E352BD /* Frameworks */,
				6DBCFC4B2CB25CC30074796A /* Products */,
			);
			sourceTree = "<group>";
		};
		6DBCFC4B2CB25CC30074796A /* Products */ = {
			isa = PBXGroup;
			children = (
				6DBCFC4A2CB25CC30074796A /* Night Prayers.app */,
				6DBCFC5C2CB25CC40074796A /* Night PrayersTests.xctest */,
				6DBCFC662CB25CC40074796A /* Night PrayersUITests.xctest */,
				6DCC12DC2CFD10D800E352BD /* DaytimeExtension.appex */,
			);
			name = Products;
			sourceTree = "<group>";
		};
		6DBCFC4C2CB25CC30074796A /* third2.0 */ = {
			isa = PBXGroup;
			children = (
				6DBCFC4D2CB25CC30074796A /* third2_0App.swift */,
				6D4D628F2D1732DB003D7F11 /* Logic */,
				6DCC14292D10DEA900E352BD /* Notifications */,
				6DCC14212D10B4F200E352BD /* Responses */,
				6DCC14192D0B9B8E00E352BD /* Launch */,
				6DCC13272D0AF5F500E352BD /* Models */,
				6DCC13312D0AFD6B00E352BD /* SurahMP3s */,
				6DCC13242D0AF35A00E352BD /* Quran */,
				6DCC13222D0AE68500E352BD /* Text */,
				6DCC13212D0AE61900E352BD /* PrayerViews */,
				6DCC13232D0AE6BE00E352BD /* Views */,
				6DBCFC532CB25CC40074796A /* Assets.xcassets */,
				6DBCFC552CB25CC40074796A /* Preview Content */,
				6DCC131F2D0AD43500E352BD /* GoogleService-Info.plist */,
			);
			path = third2.0;
			sourceTree = "<group>";
		};
		6DBCFC552CB25CC40074796A /* Preview Content */ = {
			isa = PBXGroup;
			children = (
				6DBCFC562CB25CC40074796A /* Preview Assets.xcassets */,
			);
			path = "Preview Content";
			sourceTree = "<group>";
		};
		6DBCFC5F2CB25CC40074796A /* third2.0Tests */ = {
			isa = PBXGroup;
			children = (
				6DBCFC602CB25CC40074796A /* third2_0Tests.swift */,
			);
			path = third2.0Tests;
			sourceTree = "<group>";
		};
		6DBCFC692CB25CC40074796A /* third2.0UITests */ = {
			isa = PBXGroup;
			children = (
				6DBCFC6A2CB25CC40074796A /* third2_0UITests.swift */,
				6DBCFC6C2CB25CC40074796A /* third2_0UITestsLaunchTests.swift */,
			);
			path = third2.0UITests;
			sourceTree = "<group>";
		};
		6DCC12DD2CFD10D900E352BD /* Frameworks */ = {
			isa = PBXGroup;
			children = (
				6DCC12DE2CFD10D900E352BD /* WidgetKit.framework */,
				6DCC12E02CFD10D900E352BD /* SwiftUI.framework */,
			);
			name = Frameworks;
			sourceTree = "<group>";
		};
		6DCC13212D0AE61900E352BD /* PrayerViews */ = {
			isa = PBXGroup;
			children = (
				6DAD84892CBD09230027BF5A /* DayPrayerView.swift */,
				6DE78BCA2CB2610F0068F84C /* PrayerView.swift */,
			);
			path = PrayerViews;
			sourceTree = "<group>";
		};
		6DCC13222D0AE68500E352BD /* Text */ = {
			isa = PBXGroup;
			children = (
				6DE78BCE2CB2615E0068F84C /* SurahMulkView.swift */,
				6DCC132A2D0AF63C00E352BD /* surahs.swift */,
				6DCC12FF2D0629CF00E352BD /* PrivacyPolicyText.swift */,
				6DCC13072D083FAC00E352BD /* countryCodeMapping.swift */,
				6DCC12FD2D0629BC00E352BD /* MissionText.swift */,
				6D4D628D2D173181003D7F11 /* mosqueList.swift */,
				6D4D62902D205B86003D7F11 /* defaultPrayerTimes.swift */,
			);
			path = Text;
			sourceTree = "<group>";
		};
		6DCC13232D0AE6BE00E352BD /* Views */ = {
			isa = PBXGroup;
			children = (
				6DBCFC4F2CB25CC30074796A /* ContentView.swift */,
				6DAD84852CB71B6F0027BF5A /* TasbihCounterView.swift */,
				6DE78BD02CB261880068F84C /* SettingsView.swift */,
				6DAD848D2CBD0A9C0027BF5A /* StarrySkyView.swift */,
				6DAD848B2CBD0A1F0027BF5A /* DesertView.swift */,
				6D4D62852D15C53C003D7F11 /* MailView.swift */,
				6D4D62872D15C589003D7F11 /* TextDetailView.swift */,
				6D4D62892D161DB3003D7F11 /* SettingsButton.swift */,
				6D4D628B2D161E42003D7F11 /* NotificationsView.swift */,
			);
			path = Views;
			sourceTree = "<group>";
		};
		6DCC13242D0AF35A00E352BD /* Quran */ = {
			isa = PBXGroup;
			children = (
				6DCC13252D0AF36F00E352BD /* QuranView.swift */,
				6DCC132E2D0AF76C00E352BD /* DetailView.swift */,
				6DCC132C2D0AF70400E352BD /* MinimizedAudioPlayerView.swift */,
				6D4D62812D143844003D7F11 /* QuranBookshelfView.swift */,
			);
			path = Quran;
			sourceTree = "<group>";
		};
		6DCC13272D0AF5F500E352BD /* Models */ = {
			isa = PBXGroup;
			children = (
				6DE78BDD2CB28C400068F84C /* CityViewModel.swift */,
				6DE78BCC2CB2613E0068F84C /* TimeBox.swift */,
				6DCC13282D0AF60B00E352BD /* Surah.swift */,
				6DCC14162D0B180400E352BD /* AudioPlayerViewModel.swift */,
			);
			path = Models;
			sourceTree = "<group>";
		};
		6DCC13312D0AFD6B00E352BD /* SurahMP3s */ = {
			isa = PBXGroup;
			children = (
				6DCC13572D0AFF1E00E352BD /* 001.mp3 */,
				6DCC13402D0AFF1E00E352BD /* 002.mp3 */,
				6DCC13532D0AFF1E00E352BD /* 003.mp3 */,
				6DCC13432D0AFF1E00E352BD /* 004.mp3 */,
				6DCC13592D0AFF1E00E352BD /* 005.mp3 */,
				6DCC134C2D0AFF1E00E352BD /* 006.mp3 */,
				6DCC133C2D0AFF1E00E352BD /* 007.mp3 */,
				6DCC13472D0AFF1E00E352BD /* 008.mp3 */,
				6DCC13562D0AFF1E00E352BD /* 009.mp3 */,
				6DCC133B2D0AFF1E00E352BD /* 010.mp3 */,
				6DCC134E2D0AFF1E00E352BD /* 011.mp3 */,
				6DCC13582D0AFF1E00E352BD /* 012.mp3 */,
				6DCC13442D0AFF1E00E352BD /* 013.mp3 */,
				6DCC13552D0AFF1E00E352BD /* 014.mp3 */,
				6DCC13412D0AFF1E00E352BD /* 015.mp3 */,
				6DCC134F2D0AFF1E00E352BD /* 016.mp3 */,
				6DCC13322D0AFF1E00E352BD /* 017.mp3 */,
				6DCC13482D0AFF1E00E352BD /* 018.mp3 */,
				6DCC13502D0AFF1E00E352BD /* 019.mp3 */,
				6DCC13492D0AFF1E00E352BD /* 020.mp3 */,
				6DCC13422D0AFF1E00E352BD /* 021.mp3 */,
				6DCC13452D0AFF1E00E352BD /* 022.mp3 */,
				6DCC13462D0AFF1E00E352BD /* 023.mp3 */,
				6DCC134B2D0AFF1E00E352BD /* 024.mp3 */,
				6DCC134D2D0AFF1E00E352BD /* 025.mp3 */,
				6DCC134A2D0AFF1E00E352BD /* 026.mp3 */,
				6DCC133E2D0AFF1E00E352BD /* 027.mp3 */,
				6DCC13392D0AFF1E00E352BD /* 028.mp3 */,
				6DCC13352D0AFF1E00E352BD /* 029.mp3 */,
				6DCC13512D0AFF1E00E352BD /* 030.mp3 */,
				6DCC13332D0AFF1E00E352BD /* 031.mp3 */,
				6DCC133A2D0AFF1E00E352BD /* 032.mp3 */,
				6DCC13542D0AFF1E00E352BD /* 033.mp3 */,
				6DCC13342D0AFF1E00E352BD /* 034.mp3 */,
				6DCC13372D0AFF1E00E352BD /* 035.mp3 */,
				6DCC133F2D0AFF1E00E352BD /* 036.mp3 */,
				6DCC13382D0AFF1E00E352BD /* 037.mp3 */,
				6DCC13522D0AFF1E00E352BD /* 038.mp3 */,
				6DCC13362D0AFF1E00E352BD /* 039.mp3 */,
				6DCC133D2D0AFF1E00E352BD /* 040.mp3 */,
				6DCC13912D0AFF9B00E352BD /* 041.mp3 */,
				6DCC13942D0AFF9B00E352BD /* 042.mp3 */,
				6DCC13922D0AFF9B00E352BD /* 043.mp3 */,
				6DCC13842D0AFF9B00E352BD /* 044.mp3 */,
				6DCC138C2D0AFF9B00E352BD /* 045.mp3 */,
				6DCC13852D0AFF9B00E352BD /* 046.mp3 */,
				6DCC138B2D0AFF9B00E352BD /* 047.mp3 */,
				6DCC13832D0AFF9B00E352BD /* 048.mp3 */,
				6DCC13932D0AFF9B00E352BD /* 049.mp3 */,
				6DCC13892D0AFF9B00E352BD /* 050.mp3 */,
				6DCC138A2D0AFF9B00E352BD /* 051.mp3 */,
				6DCC13862D0AFF9B00E352BD /* 052.mp3 */,
				6DCC13952D0AFF9B00E352BD /* 053.mp3 */,
				6DCC138D2D0AFF9B00E352BD /* 054.mp3 */,
				6DCC138E2D0AFF9B00E352BD /* 055.mp3 */,
				6DCC13872D0AFF9B00E352BD /* 056.mp3 */,
				6DCC13882D0AFF9B00E352BD /* 057.mp3 */,
				6DCC138F2D0AFF9B00E352BD /* 058.mp3 */,
				6DCC13902D0AFF9B00E352BD /* 059.mp3 */,
				6DCC13822D0AFF9B00E352BD /* 060.mp3 */,
				6DCC13DB2D0B00C600E352BD /* 061.mp3 */,
				6DCC13D32D0B00C600E352BD /* 062.mp3 */,
				6DCC13B02D0B00C600E352BD /* 063.mp3 */,
				6DCC13CB2D0B00C600E352BD /* 064.mp3 */,
				6DCC13AC2D0B00C500E352BD /* 065.mp3 */,
				6DCC13C02D0B00C600E352BD /* 066.mp3 */,
				6DCC13D22D0B00C600E352BD /* 067.mp3 */,
				6DCC13CC2D0B00C600E352BD /* 068.mp3 */,
				6DCC13D12D0B00C600E352BD /* 069.mp3 */,
				6DCC13D92D0B00C600E352BD /* 070.mp3 */,
				6DCC13DE2D0B00C600E352BD /* 071.mp3 */,
				6DCC13C72D0B00C600E352BD /* 072.mp3 */,
				6DCC13BC2D0B00C600E352BD /* 073.mp3 */,
				6DCC13DF2D0B00C600E352BD /* 074.mp3 */,
				6DCC13DA2D0B00C600E352BD /* 075.mp3 */,
				6DCC13D72D0B00C600E352BD /* 076.mp3 */,
				6DCC13CE2D0B00C600E352BD /* 077.mp3 */,
				6DCC13D42D0B00C600E352BD /* 078.mp3 */,
				6DCC13D62D0B00C600E352BD /* 079.mp3 */,
				6DCC13B42D0B00C600E352BD /* 080.mp3 */,
				6DCC13BD2D0B00C600E352BD /* 081.mp3 */,
				6DCC13B92D0B00C600E352BD /* 082.mp3 */,
				6DCC13AF2D0B00C500E352BD /* 083.mp3 */,
				6DCC13B12D0B00C600E352BD /* 084.mp3 */,
				6DCC13CD2D0B00C600E352BD /* 085.mp3 */,
				6DCC13C42D0B00C600E352BD /* 086.mp3 */,
				6DCC13AB2D0B00C500E352BD /* 087.mp3 */,
				6DCC13D52D0B00C600E352BD /* 088.mp3 */,
				6DCC13BE2D0B00C600E352BD /* 089.mp3 */,
				6DCC13DC2D0B00C600E352BD /* 090.mp3 */,
				6DCC13C92D0B00C600E352BD /* 091.mp3 */,
				6DCC13C22D0B00C600E352BD /* 092.mp3 */,
				6DCC13B32D0B00C600E352BD /* 093.mp3 */,
				6DCC13C62D0B00C600E352BD /* 094.mp3 */,
				6DCC13AA2D0B00C500E352BD /* 095.mp3 */,
				6DCC13CA2D0B00C600E352BD /* 096.mp3 */,
				6DCC13B52D0B00C600E352BD /* 097.mp3 */,
				6DCC13D02D0B00C600E352BD /* 098.mp3 */,
				6DCC13BA2D0B00C600E352BD /* 099.mp3 */,
				6DCC13B72D0B00C600E352BD /* 100.mp3 */,
				6DCC13CF2D0B00C600E352BD /* 101.mp3 */,
				6DCC13D82D0B00C600E352BD /* 102.mp3 */,
				6DCC13BB2D0B00C600E352BD /* 103.mp3 */,
				6DCC13C32D0B00C600E352BD /* 104.mp3 */,
				6DCC13AD2D0B00C500E352BD /* 105.mp3 */,
				6DCC13B82D0B00C600E352BD /* 106.mp3 */,
				6DCC13B62D0B00C600E352BD /* 107.mp3 */,
				6DCC13DD2D0B00C600E352BD /* 108.mp3 */,
				6DCC13B22D0B00C600E352BD /* 109.mp3 */,
				6DCC13AE2D0B00C500E352BD /* 110.mp3 */,
				6DCC13BF2D0B00C600E352BD /* 111.mp3 */,
				6DCC13C12D0B00C600E352BD /* 112.mp3 */,
				6DCC13C82D0B00C600E352BD /* 113.mp3 */,
				6DCC13C52D0B00C600E352BD /* 114.mp3 */,
			);
			path = SurahMP3s;
			sourceTree = "<group>";
		};
		6DCC14192D0B9B8E00E352BD /* Launch */ = {
			isa = PBXGroup;
			children = (
				6DCC141E2D0B9CAC00E352BD /* OnboardingView.swift */,
				6DCC14262D10D10E00E352BD /* LocationSelectionView.swift */,
			);
			path = Launch;
			sourceTree = "<group>";
		};
		6DCC14212D10B4F200E352BD /* Responses */ = {
			isa = PBXGroup;
			children = (
				6DCC14222D10B50200E352BD /* LondonPrayerTimesResponse.swift */,
				6DCC142C2D14290200E352BD /* RemoteControlHandler.swift */,
				6DCC142E2D14299400E352BD /* RemoteControlHostingController.swift */,
			);
			path = Responses;
			sourceTree = "<group>";
		};
		6DCC14292D10DEA900E352BD /* Notifications */ = {
			isa = PBXGroup;
			children = (
				6DCC131B2D09853D00E352BD /* NotificationManager.swift */,
				6DCC142A2D10DEB900E352BD /* schedule_notifications.swift */,
			);
			path = Notifications;
			sourceTree = "<group>";
		};
/* End PBXGroup section */

/* Begin PBXNativeTarget section */
		6DBCFC492CB25CC30074796A /* Night Prayers */ = {
			isa = PBXNativeTarget;
			buildConfigurationList = 6DBCFC702CB25CC40074796A /* Build configuration list for PBXNativeTarget "Night Prayers" */;
			buildPhases = (
				6DBCFC462CB25CC30074796A /* Sources */,
				6DBCFC472CB25CC30074796A /* Frameworks */,
				6DBCFC482CB25CC30074796A /* Resources */,
				6DCC12F12CFD10DB00E352BD /* Embed Foundation Extensions */,
			);
			buildRules = (
			);
			dependencies = (
				6DCC12EF2CFD10DB00E352BD /* PBXTargetDependency */,
			);
			name = "Night Prayers";
			packageProductDependencies = (
				6DAD847F2CB7176B0027BF5A /* FirebaseAnalytics */,
				6DAD84812CB7176B0027BF5A /* FirebaseCore */,
				6DAD84832CB7176B0027BF5A /* FirebaseFirestore */,
				6DCC13012D062FD700E352BD /* FirebaseAuth */,
				6DCC13032D062FD700E352BD /* FirebaseFunctions */,
				6DCC13052D062FD700E352BD /* FirebaseMessaging */,
			);
			productName = third2.0;
			productReference = 6DBCFC4A2CB25CC30074796A /* Night Prayers.app */;
			productType = "com.apple.product-type.application";
		};
		6DBCFC5B2CB25CC40074796A /* Night PrayersTests */ = {
			isa = PBXNativeTarget;
			buildConfigurationList = 6DBCFC732CB25CC40074796A /* Build configuration list for PBXNativeTarget "Night PrayersTests" */;
			buildPhases = (
				6DBCFC582CB25CC40074796A /* Sources */,
				6DBCFC592CB25CC40074796A /* Frameworks */,
				6DBCFC5A2CB25CC40074796A /* Resources */,
			);
			buildRules = (
			);
			dependencies = (
				6DBCFC5E2CB25CC40074796A /* PBXTargetDependency */,
			);
			name = "Night PrayersTests";
			productName = third2.0Tests;
			productReference = 6DBCFC5C2CB25CC40074796A /* Night PrayersTests.xctest */;
			productType = "com.apple.product-type.bundle.unit-test";
		};
		6DBCFC652CB25CC40074796A /* Night PrayersUITests */ = {
			isa = PBXNativeTarget;
			buildConfigurationList = 6DBCFC762CB25CC40074796A /* Build configuration list for PBXNativeTarget "Night PrayersUITests" */;
			buildPhases = (
				6DBCFC622CB25CC40074796A /* Sources */,
				6DBCFC632CB25CC40074796A /* Frameworks */,
				6DBCFC642CB25CC40074796A /* Resources */,
			);
			buildRules = (
			);
			dependencies = (
				6DBCFC682CB25CC40074796A /* PBXTargetDependency */,
			);
			name = "Night PrayersUITests";
			productName = third2.0UITests;
			productReference = 6DBCFC662CB25CC40074796A /* Night PrayersUITests.xctest */;
			productType = "com.apple.product-type.bundle.ui-testing";
		};
		6DCC12DB2CFD10D800E352BD /* DaytimeExtension */ = {
			isa = PBXNativeTarget;
			buildConfigurationList = 6DCC12F42CFD10DB00E352BD /* Build configuration list for PBXNativeTarget "DaytimeExtension" */;
			buildPhases = (
				6DCC12D82CFD10D800E352BD /* Sources */,
				6DCC12D92CFD10D800E352BD /* Frameworks */,
				6DCC12DA2CFD10D800E352BD /* Resources */,
			);
			buildRules = (
			);
			dependencies = (
			);
			name = DaytimeExtension;
			productName = DaytimeExtension;
			productReference = 6DCC12DC2CFD10D800E352BD /* DaytimeExtension.appex */;
			productType = "com.apple.product-type.app-extension";
		};
/* End PBXNativeTarget section */

/* Begin PBXProject section */
		6DBCFC422CB25CC30074796A /* Project object */ = {
			isa = PBXProject;
			attributes = {
				BuildIndependentTargetsInParallel = 1;
				LastSwiftUpdateCheck = 1530;
				LastUpgradeCheck = 1530;
				TargetAttributes = {
					6DBCFC492CB25CC30074796A = {
						CreatedOnToolsVersion = 15.3;
					};
					6DBCFC5B2CB25CC40074796A = {
						CreatedOnToolsVersion = 15.3;
						TestTargetID = 6DBCFC492CB25CC30074796A;
					};
					6DBCFC652CB25CC40074796A = {
						CreatedOnToolsVersion = 15.3;
						TestTargetID = 6DBCFC492CB25CC30074796A;
					};
					6DCC12DB2CFD10D800E352BD = {
						CreatedOnToolsVersion = 15.3;
					};
				};
			};
			buildConfigurationList = 6DBCFC452CB25CC30074796A /* Build configuration list for PBXProject "Night Prayers" */;
			compatibilityVersion = "Xcode 14.0";
			developmentRegion = en;
			hasScannedForEncodings = 0;
			knownRegions = (
				en,
				Base,
			);
			mainGroup = 6DBCFC412CB25CC30074796A;
			packageReferences = (
				6DE78BD62CB2660E0068F84C /* XCRemoteSwiftPackageReference "firebase-ios-sdk" */,
			);
			productRefGroup = 6DBCFC4B2CB25CC30074796A /* Products */;
			projectDirPath = "";
			projectRoot = "";
			targets = (
				6DBCFC492CB25CC30074796A /* Night Prayers */,
				6DBCFC5B2CB25CC40074796A /* Night PrayersTests */,
				6DBCFC652CB25CC40074796A /* Night PrayersUITests */,
				6DCC12DB2CFD10D800E352BD /* DaytimeExtension */,
			);
		};
/* End PBXProject section */

/* Begin PBXResourcesBuildPhase section */
		6DBCFC482CB25CC30074796A /* Resources */ = {
			isa = PBXResourcesBuildPhase;
			buildActionMask = 2147483647;
			files = (
				6DCC13A02D0AFF9B00E352BD /* 045.mp3 in Resources */,
				6DCC13812D0AFF1E00E352BD /* 005.mp3 in Resources */,
				6DCC13E12D0B00C600E352BD /* 087.mp3 in Resources */,
				6DCC137D2D0AFF1E00E352BD /* 014.mp3 in Resources */,
				6DCC13E32D0B00C600E352BD /* 105.mp3 in Resources */,
				6DCC13EC2D0B00C600E352BD /* 107.mp3 in Resources */,
				6DCC14092D0B00C600E352BD /* 062.mp3 in Resources */,
				6DCC14032D0B00C600E352BD /* 085.mp3 in Resources */,
				6DCC13A32D0AFF9B00E352BD /* 058.mp3 in Resources */,
				6DCC137F2D0AFF1E00E352BD /* 001.mp3 in Resources */,
				6DCC13F82D0B00C600E352BD /* 092.mp3 in Resources */,
				6DCC14082D0B00C600E352BD /* 067.mp3 in Resources */,
				6DCC136D2D0AFF1E00E352BD /* 022.mp3 in Resources */,
				6DCC14132D0B00C600E352BD /* 108.mp3 in Resources */,
				6DCC13722D0AFF1E00E352BD /* 026.mp3 in Resources */,
				6DCC14152D0B00C600E352BD /* 074.mp3 in Resources */,
				6DCC140D2D0B00C600E352BD /* 076.mp3 in Resources */,
				6DCC136A2D0AFF1E00E352BD /* 021.mp3 in Resources */,
				6DCC13F22D0B00C600E352BD /* 073.mp3 in Resources */,
				6DCC13752D0AFF1E00E352BD /* 025.mp3 in Resources */,
				6DCC13E42D0B00C600E352BD /* 110.mp3 in Resources */,
				6DCC136C2D0AFF1E00E352BD /* 013.mp3 in Resources */,
				6DCC137E2D0AFF1E00E352BD /* 009.mp3 in Resources */,
				6DCC13E22D0B00C600E352BD /* 065.mp3 in Resources */,
				6DCC13FD2D0B00C600E352BD /* 072.mp3 in Resources */,
				6DCC13FC2D0B00C600E352BD /* 094.mp3 in Resources */,
				6DCC13E52D0B00C600E352BD /* 083.mp3 in Resources */,
				6DCC14022D0B00C600E352BD /* 068.mp3 in Resources */,
				6DCC13F52D0B00C600E352BD /* 111.mp3 in Resources */,
				6DCC13972D0AFF9B00E352BD /* 048.mp3 in Resources */,
				6DCC135C2D0AFF1E00E352BD /* 034.mp3 in Resources */,
				6DCC13992D0AFF9B00E352BD /* 046.mp3 in Resources */,
				6DCC139A2D0AFF9B00E352BD /* 052.mp3 in Resources */,
				6DCC13A82D0AFF9B00E352BD /* 042.mp3 in Resources */,
				6DCC13FB2D0B00C600E352BD /* 114.mp3 in Resources */,
				6DCC14102D0B00C600E352BD /* 075.mp3 in Resources */,
				6DCC13A42D0AFF9B00E352BD /* 059.mp3 in Resources */,
				6DCC140E2D0B00C600E352BD /* 102.mp3 in Resources */,
				6DCC13F02D0B00C600E352BD /* 099.mp3 in Resources */,
				6DCC14012D0B00C600E352BD /* 064.mp3 in Resources */,
				6DCC135E2D0AFF1E00E352BD /* 039.mp3 in Resources */,
				6DCC13A22D0AFF9B00E352BD /* 055.mp3 in Resources */,
				6DCC13672D0AFF1E00E352BD /* 036.mp3 in Resources */,
				6DCC13682D0AFF1E00E352BD /* 002.mp3 in Resources */,
				6DCC13792D0AFF1E00E352BD /* 030.mp3 in Resources */,
				6DCC14112D0B00C600E352BD /* 061.mp3 in Resources */,
				6DBCFC572CB25CC40074796A /* Preview Assets.xcassets in Resources */,
				6DCC14002D0B00C600E352BD /* 096.mp3 in Resources */,
				6DCC13742D0AFF1E00E352BD /* 006.mp3 in Resources */,
				6DCC139E2D0AFF9B00E352BD /* 051.mp3 in Resources */,
				6DCC13E72D0B00C600E352BD /* 084.mp3 in Resources */,
				6DCC13A62D0AFF9B00E352BD /* 043.mp3 in Resources */,
				6DCC137A2D0AFF1E00E352BD /* 038.mp3 in Resources */,
				6DCC136B2D0AFF1E00E352BD /* 004.mp3 in Resources */,
				6DCC13F12D0B00C600E352BD /* 103.mp3 in Resources */,
				6DCC13712D0AFF1E00E352BD /* 020.mp3 in Resources */,
				6DCC13EE2D0B00C600E352BD /* 106.mp3 in Resources */,
				6DCC135F2D0AFF1E00E352BD /* 035.mp3 in Resources */,
				6DCC139C2D0AFF9B00E352BD /* 057.mp3 in Resources */,
				6DCC13F62D0B00C600E352BD /* 066.mp3 in Resources */,
				6DCC135A2D0AFF1E00E352BD /* 017.mp3 in Resources */,
				6DCC13EF2D0B00C600E352BD /* 082.mp3 in Resources */,
				6DBCFC542CB25CC40074796A /* Assets.xcassets in Resources */,
				6DCC140C2D0B00C600E352BD /* 079.mp3 in Resources */,
				6DCC140F2D0B00C600E352BD /* 070.mp3 in Resources */,
				6DCC13EA2D0B00C600E352BD /* 080.mp3 in Resources */,
				6DCC13F92D0B00C600E352BD /* 104.mp3 in Resources */,
				6DCC13ED2D0B00C600E352BD /* 100.mp3 in Resources */,
				6DCC136F2D0AFF1E00E352BD /* 008.mp3 in Resources */,
				6DCC13622D0AFF1E00E352BD /* 032.mp3 in Resources */,
				6DCC14142D0B00C600E352BD /* 071.mp3 in Resources */,
				6DCC13E62D0B00C600E352BD /* 063.mp3 in Resources */,
				6DCC13E02D0B00C600E352BD /* 095.mp3 in Resources */,
				6DCC13772D0AFF1E00E352BD /* 016.mp3 in Resources */,
				6DCC13802D0AFF1E00E352BD /* 012.mp3 in Resources */,
				6DCC13702D0AFF1E00E352BD /* 018.mp3 in Resources */,
				6DCC13E92D0B00C600E352BD /* 093.mp3 in Resources */,
				6DCC14062D0B00C600E352BD /* 098.mp3 in Resources */,
				6DCC13692D0AFF1E00E352BD /* 015.mp3 in Resources */,
				6DCC13982D0AFF9B00E352BD /* 044.mp3 in Resources */,
				6DCC135B2D0AFF1E00E352BD /* 031.mp3 in Resources */,
				6DCC13602D0AFF1E00E352BD /* 037.mp3 in Resources */,
				6DCC13FF2D0B00C600E352BD /* 091.mp3 in Resources */,
				6DCC13FA2D0B00C600E352BD /* 086.mp3 in Resources */,
				6DCC139F2D0AFF9B00E352BD /* 047.mp3 in Resources */,
				6DCC13612D0AFF1E00E352BD /* 028.mp3 in Resources */,
				6DCC139B2D0AFF9B00E352BD /* 056.mp3 in Resources */,
				6DCC13A92D0AFF9B00E352BD /* 053.mp3 in Resources */,
				6DCC140B2D0B00C600E352BD /* 088.mp3 in Resources */,
				6DCC13762D0AFF1E00E352BD /* 011.mp3 in Resources */,
				6DCC13642D0AFF1E00E352BD /* 007.mp3 in Resources */,
				6DCC13A72D0AFF9B00E352BD /* 049.mp3 in Resources */,
				6DCC14042D0B00C600E352BD /* 077.mp3 in Resources */,
				6DCC14122D0B00C600E352BD /* 090.mp3 in Resources */,
				6DCC13FE2D0B00C600E352BD /* 113.mp3 in Resources */,
				6DCC13F42D0B00C600E352BD /* 089.mp3 in Resources */,
				6DCC139D2D0AFF9B00E352BD /* 050.mp3 in Resources */,
				6DCC13EB2D0B00C600E352BD /* 097.mp3 in Resources */,
				6DCC136E2D0AFF1E00E352BD /* 023.mp3 in Resources */,
				6DCC13F72D0B00C600E352BD /* 112.mp3 in Resources */,
				6DCC135D2D0AFF1E00E352BD /* 029.mp3 in Resources */,
				6DCC13A52D0AFF9B00E352BD /* 041.mp3 in Resources */,
				6DCC13962D0AFF9B00E352BD /* 060.mp3 in Resources */,
				6DCC13A12D0AFF9B00E352BD /* 054.mp3 in Resources */,
				6DCC13E82D0B00C600E352BD /* 109.mp3 in Resources */,
				6DCC13732D0AFF1E00E352BD /* 024.mp3 in Resources */,
				6DCC13782D0AFF1E00E352BD /* 019.mp3 in Resources */,
				6DCC13652D0AFF1E00E352BD /* 040.mp3 in Resources */,
				6DCC137C2D0AFF1E00E352BD /* 033.mp3 in Resources */,
				6DCC14072D0B00C600E352BD /* 069.mp3 in Resources */,
				6DCC13F32D0B00C600E352BD /* 081.mp3 in Resources */,
				6DCC13202D0AD43500E352BD /* GoogleService-Info.plist in Resources */,
				6DCC13662D0AFF1E00E352BD /* 027.mp3 in Resources */,
				6DCC137B2D0AFF1E00E352BD /* 003.mp3 in Resources */,
				6DCC14052D0B00C600E352BD /* 101.mp3 in Resources */,
				6DCC140A2D0B00C600E352BD /* 078.mp3 in Resources */,
				6DCC13632D0AFF1E00E352BD /* 010.mp3 in Resources */,
			);
			runOnlyForDeploymentPostprocessing = 0;
		};
		6DBCFC5A2CB25CC40074796A /* Resources */ = {
			isa = PBXResourcesBuildPhase;
			buildActionMask = 2147483647;
			files = (
			);
			runOnlyForDeploymentPostprocessing = 0;
		};
		6DBCFC642CB25CC40074796A /* Resources */ = {
			isa = PBXResourcesBuildPhase;
			buildActionMask = 2147483647;
			files = (
			);
			runOnlyForDeploymentPostprocessing = 0;
		};
		6DCC12DA2CFD10D800E352BD /* Resources */ = {
			isa = PBXResourcesBuildPhase;
			buildActionMask = 2147483647;
			files = (
			);
			runOnlyForDeploymentPostprocessing = 0;
		};
/* End PBXResourcesBuildPhase section */

/* Begin PBXSourcesBuildPhase section */
		6DBCFC462CB25CC30074796A /* Sources */ = {
			isa = PBXSourcesBuildPhase;
			buildActionMask = 2147483647;
			files = (
				6DCC142D2D14290200E352BD /* RemoteControlHandler.swift in Sources */,
				6DCC13082D083FAC00E352BD /* countryCodeMapping.swift in Sources */,
				6D4D62882D15C589003D7F11 /* TextDetailView.swift in Sources */,
				6DCC142B2D10DEB900E352BD /* schedule_notifications.swift in Sources */,
				6D4D62862D15C53C003D7F11 /* MailView.swift in Sources */,
				6DCC132B2D0AF63C00E352BD /* surahs.swift in Sources */,
				6DCC13262D0AF36F00E352BD /* QuranView.swift in Sources */,
				6DAD848A2CBD09230027BF5A /* DayPrayerView.swift in Sources */,
				6DCC13002D0629CF00E352BD /* PrivacyPolicyText.swift in Sources */,
				6DCC142F2D14299400E352BD /* RemoteControlHostingController.swift in Sources */,
				6D4D62822D143844003D7F11 /* QuranBookshelfView.swift in Sources */,
				6DAD84862CB71B6F0027BF5A /* TasbihCounterView.swift in Sources */,
				6DAD848C2CBD0A1F0027BF5A /* DesertView.swift in Sources */,
				6DE78BD12CB261880068F84C /* SettingsView.swift in Sources */,
				6DCC131C2D09853D00E352BD /* NotificationManager.swift in Sources */,
				6DBCFC502CB25CC30074796A /* ContentView.swift in Sources */,
				6DCC132F2D0AF76C00E352BD /* DetailView.swift in Sources */,
				6D4D628C2D161E42003D7F11 /* NotificationsView.swift in Sources */,
				6DAD848E2CBD0A9C0027BF5A /* StarrySkyView.swift in Sources */,
				6DCC12FE2D0629BC00E352BD /* MissionText.swift in Sources */,
				6DE78BCD2CB2613E0068F84C /* TimeBox.swift in Sources */,
				6DCC14272D10D10E00E352BD /* LocationSelectionView.swift in Sources */,
				6DE78BDE2CB28C400068F84C /* CityViewModel.swift in Sources */,
				6DE78BCB2CB2610F0068F84C /* PrayerView.swift in Sources */,
				6DCC14232D10B50200E352BD /* LondonPrayerTimesResponse.swift in Sources */,
				6DBCFC522CB25CC30074796A /* Item.swift in Sources */,
				6DBCFC4E2CB25CC30074796A /* third2_0App.swift in Sources */,
				6DCC14252D10C60B00E352BD /* PrayerTimeCalculator.swift in Sources */,
				6DCC14172D0B180400E352BD /* AudioPlayerViewModel.swift in Sources */,
				6DCC132D2D0AF70400E352BD /* MinimizedAudioPlayerView.swift in Sources */,
				6DCC141F2D0B9CAC00E352BD /* OnboardingView.swift in Sources */,
				6DE78BCF2CB2615E0068F84C /* SurahMulkView.swift in Sources */,
				6D4D628A2D161DB3003D7F11 /* SettingsButton.swift in Sources */,
				6D4D62912D205B87003D7F11 /* defaultPrayerTimes.swift in Sources */,
				6DCC13292D0AF60B00E352BD /* Surah.swift in Sources */,
				6D4D628E2D173181003D7F11 /* mosqueList.swift in Sources */,
			);
			runOnlyForDeploymentPostprocessing = 0;
		};
		6DBCFC582CB25CC40074796A /* Sources */ = {
			isa = PBXSourcesBuildPhase;
			buildActionMask = 2147483647;
			files = (
				6DBCFC612CB25CC40074796A /* third2_0Tests.swift in Sources */,
			);
			runOnlyForDeploymentPostprocessing = 0;
		};
		6DBCFC622CB25CC40074796A /* Sources */ = {
			isa = PBXSourcesBuildPhase;
			buildActionMask = 2147483647;
			files = (
				6DBCFC6D2CB25CC40074796A /* third2_0UITestsLaunchTests.swift in Sources */,
				6DCC14202D10193200E352BD /* PrayerView.swift in Sources */,
				6DBCFC6B2CB25CC40074796A /* third2_0UITests.swift in Sources */,
			);
			runOnlyForDeploymentPostprocessing = 0;
		};
		6DCC12D82CFD10D800E352BD /* Sources */ = {
			isa = PBXSourcesBuildPhase;
			buildActionMask = 2147483647;
			files = (
			);
			runOnlyForDeploymentPostprocessing = 0;
		};
/* End PBXSourcesBuildPhase section */

/* Begin PBXTargetDependency section */
		6DBCFC5E2CB25CC40074796A /* PBXTargetDependency */ = {
			isa = PBXTargetDependency;
			target = 6DBCFC492CB25CC30074796A /* Night Prayers */;
			targetProxy = 6DBCFC5D2CB25CC40074796A /* PBXContainerItemProxy */;
		};
		6DBCFC682CB25CC40074796A /* PBXTargetDependency */ = {
			isa = PBXTargetDependency;
			target = 6DBCFC492CB25CC30074796A /* Night Prayers */;
			targetProxy = 6DBCFC672CB25CC40074796A /* PBXContainerItemProxy */;
		};
		6DCC12EF2CFD10DB00E352BD /* PBXTargetDependency */ = {
			isa = PBXTargetDependency;
			target = 6DCC12DB2CFD10D800E352BD /* DaytimeExtension */;
			targetProxy = 6DCC12EE2CFD10DB00E352BD /* PBXContainerItemProxy */;
		};
/* End PBXTargetDependency section */

/* Begin XCBuildConfiguration section */
		6DBCFC6E2CB25CC40074796A /* Debug */ = {
			isa = XCBuildConfiguration;
			buildSettings = {
				ALWAYS_SEARCH_USER_PATHS = NO;
				ASSETCATALOG_COMPILER_GENERATE_SWIFT_ASSET_SYMBOL_EXTENSIONS = YES;
				CLANG_ANALYZER_NONNULL = YES;
				CLANG_ANALYZER_NUMBER_OBJECT_CONVERSION = YES_AGGRESSIVE;
				CLANG_CXX_LANGUAGE_STANDARD = "gnu++20";
				CLANG_ENABLE_MODULES = YES;
				CLANG_ENABLE_OBJC_ARC = YES;
				CLANG_ENABLE_OBJC_WEAK = YES;
				CLANG_WARN_BLOCK_CAPTURE_AUTORELEASING = YES;
				CLANG_WARN_BOOL_CONVERSION = YES;
				CLANG_WARN_COMMA = YES;
				CLANG_WARN_CONSTANT_CONVERSION = YES;
				CLANG_WARN_DEPRECATED_OBJC_IMPLEMENTATIONS = YES;
				CLANG_WARN_DIRECT_OBJC_ISA_USAGE = YES_ERROR;
				CLANG_WARN_DOCUMENTATION_COMMENTS = YES;
				CLANG_WARN_EMPTY_BODY = YES;
				CLANG_WARN_ENUM_CONVERSION = YES;
				CLANG_WARN_INFINITE_RECURSION = YES;
				CLANG_WARN_INT_CONVERSION = YES;
				CLANG_WARN_NON_LITERAL_NULL_CONVERSION = YES;
				CLANG_WARN_OBJC_IMPLICIT_RETAIN_SELF = YES;
				CLANG_WARN_OBJC_LITERAL_CONVERSION = YES;
				CLANG_WARN_OBJC_ROOT_CLASS = YES_ERROR;
				CLANG_WARN_QUOTED_INCLUDE_IN_FRAMEWORK_HEADER = YES;
				CLANG_WARN_RANGE_LOOP_ANALYSIS = YES;
				CLANG_WARN_STRICT_PROTOTYPES = YES;
				CLANG_WARN_SUSPICIOUS_MOVE = YES;
				CLANG_WARN_UNGUARDED_AVAILABILITY = YES_AGGRESSIVE;
				CLANG_WARN_UNREACHABLE_CODE = YES;
				CLANG_WARN__DUPLICATE_METHOD_MATCH = YES;
				COPY_PHASE_STRIP = NO;
				DEBUG_INFORMATION_FORMAT = dwarf;
				ENABLE_STRICT_OBJC_MSGSEND = YES;
				ENABLE_TESTABILITY = YES;
				ENABLE_USER_SCRIPT_SANDBOXING = YES;
				GCC_C_LANGUAGE_STANDARD = gnu17;
				GCC_DYNAMIC_NO_PIC = NO;
				GCC_NO_COMMON_BLOCKS = YES;
				GCC_OPTIMIZATION_LEVEL = 0;
				GCC_PREPROCESSOR_DEFINITIONS = (
					"DEBUG=1",
					"$(inherited)",
				);
				GCC_WARN_64_TO_32_BIT_CONVERSION = YES;
				GCC_WARN_ABOUT_RETURN_TYPE = YES_ERROR;
				GCC_WARN_UNDECLARED_SELECTOR = YES;
				GCC_WARN_UNINITIALIZED_AUTOS = YES_AGGRESSIVE;
				GCC_WARN_UNUSED_FUNCTION = YES;
				GCC_WARN_UNUSED_VARIABLE = YES;
				IPHONEOS_DEPLOYMENT_TARGET = 17.4;
				LOCALIZATION_PREFERS_STRING_CATALOGS = YES;
				MTL_ENABLE_DEBUG_INFO = INCLUDE_SOURCE;
				MTL_FAST_MATH = YES;
				ONLY_ACTIVE_ARCH = YES;
				SDKROOT = iphoneos;
				SWIFT_ACTIVE_COMPILATION_CONDITIONS = "DEBUG $(inherited)";
				SWIFT_OPTIMIZATION_LEVEL = "-Onone";
			};
			name = Debug;
		};
		6DBCFC6F2CB25CC40074796A /* Release */ = {
			isa = XCBuildConfiguration;
			buildSettings = {
				ALWAYS_SEARCH_USER_PATHS = NO;
				ASSETCATALOG_COMPILER_GENERATE_SWIFT_ASSET_SYMBOL_EXTENSIONS = YES;
				CLANG_ANALYZER_NONNULL = YES;
				CLANG_ANALYZER_NUMBER_OBJECT_CONVERSION = YES_AGGRESSIVE;
				CLANG_CXX_LANGUAGE_STANDARD = "gnu++20";
				CLANG_ENABLE_MODULES = YES;
				CLANG_ENABLE_OBJC_ARC = YES;
				CLANG_ENABLE_OBJC_WEAK = YES;
				CLANG_WARN_BLOCK_CAPTURE_AUTORELEASING = YES;
				CLANG_WARN_BOOL_CONVERSION = YES;
				CLANG_WARN_COMMA = YES;
				CLANG_WARN_CONSTANT_CONVERSION = YES;
				CLANG_WARN_DEPRECATED_OBJC_IMPLEMENTATIONS = YES;
				CLANG_WARN_DIRECT_OBJC_ISA_USAGE = YES_ERROR;
				CLANG_WARN_DOCUMENTATION_COMMENTS = YES;
				CLANG_WARN_EMPTY_BODY = YES;
				CLANG_WARN_ENUM_CONVERSION = YES;
				CLANG_WARN_INFINITE_RECURSION = YES;
				CLANG_WARN_INT_CONVERSION = YES;
				CLANG_WARN_NON_LITERAL_NULL_CONVERSION = YES;
				CLANG_WARN_OBJC_IMPLICIT_RETAIN_SELF = YES;
				CLANG_WARN_OBJC_LITERAL_CONVERSION = YES;
				CLANG_WARN_OBJC_ROOT_CLASS = YES_ERROR;
				CLANG_WARN_QUOTED_INCLUDE_IN_FRAMEWORK_HEADER = YES;
				CLANG_WARN_RANGE_LOOP_ANALYSIS = YES;
				CLANG_WARN_STRICT_PROTOTYPES = YES;
				CLANG_WARN_SUSPICIOUS_MOVE = YES;
				CLANG_WARN_UNGUARDED_AVAILABILITY = YES_AGGRESSIVE;
				CLANG_WARN_UNREACHABLE_CODE = YES;
				CLANG_WARN__DUPLICATE_METHOD_MATCH = YES;
				COPY_PHASE_STRIP = NO;
				DEBUG_INFORMATION_FORMAT = "dwarf-with-dsym";
				ENABLE_NS_ASSERTIONS = NO;
				ENABLE_STRICT_OBJC_MSGSEND = YES;
				ENABLE_USER_SCRIPT_SANDBOXING = YES;
				GCC_C_LANGUAGE_STANDARD = gnu17;
				GCC_NO_COMMON_BLOCKS = YES;
				GCC_WARN_64_TO_32_BIT_CONVERSION = YES;
				GCC_WARN_ABOUT_RETURN_TYPE = YES_ERROR;
				GCC_WARN_UNDECLARED_SELECTOR = YES;
				GCC_WARN_UNINITIALIZED_AUTOS = YES_AGGRESSIVE;
				GCC_WARN_UNUSED_FUNCTION = YES;
				GCC_WARN_UNUSED_VARIABLE = YES;
				IPHONEOS_DEPLOYMENT_TARGET = 17.4;
				LOCALIZATION_PREFERS_STRING_CATALOGS = YES;
				MTL_ENABLE_DEBUG_INFO = NO;
				MTL_FAST_MATH = YES;
				SDKROOT = iphoneos;
				SWIFT_COMPILATION_MODE = wholemodule;
				VALIDATE_PRODUCT = YES;
			};
			name = Release;
		};
		6DBCFC712CB25CC40074796A /* Debug */ = {
			isa = XCBuildConfiguration;
			buildSettings = {
				ASSETCATALOG_COMPILER_APPICON_NAME = AppIcon;
				ASSETCATALOG_COMPILER_GLOBAL_ACCENT_COLOR_NAME = AccentColor;
				CODE_SIGN_ENTITLEMENTS = "Night Prayers.entitlements";
				CODE_SIGN_STYLE = Automatic;
				CURRENT_PROJECT_VERSION = 1;
				DEVELOPMENT_ASSET_PATHS = "\"third2.0/Preview Content\"";
				DEVELOPMENT_TEAM = CZPKAZHKAR;
				ENABLE_PREVIEWS = YES;
				GENERATE_INFOPLIST_FILE = YES;
				INFOPLIST_FILE = "Night-Prayers-Info.plist";
				INFOPLIST_KEY_CFBundleDisplayName = "Third of the Night";
				INFOPLIST_KEY_LSApplicationCategoryType = "public.app-category.utilities";
				INFOPLIST_KEY_UIApplicationSceneManifest_Generation = YES;
				INFOPLIST_KEY_UIApplicationSupportsIndirectInputEvents = YES;
				INFOPLIST_KEY_UILaunchScreen_Generation = YES;
				INFOPLIST_KEY_UISupportedInterfaceOrientations_iPad = "UIInterfaceOrientationPortrait UIInterfaceOrientationPortraitUpsideDown UIInterfaceOrientationLandscapeLeft UIInterfaceOrientationLandscapeRight";
				INFOPLIST_KEY_UISupportedInterfaceOrientations_iPhone = "UIInterfaceOrientationPortrait UIInterfaceOrientationLandscapeLeft UIInterfaceOrientationLandscapeRight";
				IPHONEOS_DEPLOYMENT_TARGET = 17.0;
				LD_RUNPATH_SEARCH_PATHS = (
					"$(inherited)",
					"@executable_path/Frameworks",
				);
				MARKETING_VERSION = 2.3.0;
				PRODUCT_BUNDLE_IDENTIFIER = testing.thirdgit;
				PRODUCT_NAME = "$(TARGET_NAME)";
				SWIFT_EMIT_LOC_STRINGS = YES;
				SWIFT_VERSION = 5.0;
				TARGETED_DEVICE_FAMILY = "1,2";
			};
			name = Debug;
		};
		6DBCFC722CB25CC40074796A /* Release */ = {
			isa = XCBuildConfiguration;
			buildSettings = {
				ASSETCATALOG_COMPILER_APPICON_NAME = AppIcon;
				ASSETCATALOG_COMPILER_GLOBAL_ACCENT_COLOR_NAME = AccentColor;
				CODE_SIGN_ENTITLEMENTS = "Night Prayers.entitlements";
				CODE_SIGN_STYLE = Automatic;
				CURRENT_PROJECT_VERSION = 1;
				DEVELOPMENT_ASSET_PATHS = "\"third2.0/Preview Content\"";
				DEVELOPMENT_TEAM = CZPKAZHKAR;
				ENABLE_PREVIEWS = YES;
				GENERATE_INFOPLIST_FILE = YES;
				INFOPLIST_FILE = "Night-Prayers-Info.plist";
				INFOPLIST_KEY_CFBundleDisplayName = "Third of the Night";
				INFOPLIST_KEY_LSApplicationCategoryType = "public.app-category.utilities";
				INFOPLIST_KEY_UIApplicationSceneManifest_Generation = YES;
				INFOPLIST_KEY_UIApplicationSupportsIndirectInputEvents = YES;
				INFOPLIST_KEY_UILaunchScreen_Generation = YES;
				INFOPLIST_KEY_UISupportedInterfaceOrientations_iPad = "UIInterfaceOrientationPortrait UIInterfaceOrientationPortraitUpsideDown UIInterfaceOrientationLandscapeLeft UIInterfaceOrientationLandscapeRight";
				INFOPLIST_KEY_UISupportedInterfaceOrientations_iPhone = "UIInterfaceOrientationPortrait UIInterfaceOrientationLandscapeLeft UIInterfaceOrientationLandscapeRight";
				IPHONEOS_DEPLOYMENT_TARGET = 17.0;
				LD_RUNPATH_SEARCH_PATHS = (
					"$(inherited)",
					"@executable_path/Frameworks",
				);
				MARKETING_VERSION = 2.3.0;
				PRODUCT_BUNDLE_IDENTIFIER = testing.thirdgit;
				PRODUCT_NAME = "$(TARGET_NAME)";
				SWIFT_EMIT_LOC_STRINGS = YES;
				SWIFT_VERSION = 5.0;
				TARGETED_DEVICE_FAMILY = "1,2";
			};
			name = Release;
		};
		6DBCFC742CB25CC40074796A /* Debug */ = {
			isa = XCBuildConfiguration;
			buildSettings = {
				ALWAYS_EMBED_SWIFT_STANDARD_LIBRARIES = YES;
				BUNDLE_LOADER = "$(TEST_HOST)";
				CODE_SIGN_STYLE = Automatic;
				CURRENT_PROJECT_VERSION = 1;
				DEVELOPMENT_TEAM = CZPKAZHKAR;
				GENERATE_INFOPLIST_FILE = YES;
				IPHONEOS_DEPLOYMENT_TARGET = 17.4;
				MARKETING_VERSION = 1.0;
				PRODUCT_BUNDLE_IDENTIFIER = "testing.third2-0Tests";
				PRODUCT_NAME = "$(TARGET_NAME)";
				SWIFT_EMIT_LOC_STRINGS = NO;
				SWIFT_VERSION = 5.0;
				TARGETED_DEVICE_FAMILY = "1,2";
				TEST_HOST = "$(BUILT_PRODUCTS_DIR)/Night Prayers.app/$(BUNDLE_EXECUTABLE_FOLDER_PATH)/Night Prayers";
			};
			name = Debug;
		};
		6DBCFC752CB25CC40074796A /* Release */ = {
			isa = XCBuildConfiguration;
			buildSettings = {
				ALWAYS_EMBED_SWIFT_STANDARD_LIBRARIES = YES;
				BUNDLE_LOADER = "$(TEST_HOST)";
				CODE_SIGN_STYLE = Automatic;
				CURRENT_PROJECT_VERSION = 1;
				DEVELOPMENT_TEAM = CZPKAZHKAR;
				GENERATE_INFOPLIST_FILE = YES;
				IPHONEOS_DEPLOYMENT_TARGET = 17.4;
				MARKETING_VERSION = 1.0;
				PRODUCT_BUNDLE_IDENTIFIER = "testing.third2-0Tests";
				PRODUCT_NAME = "$(TARGET_NAME)";
				SWIFT_EMIT_LOC_STRINGS = NO;
				SWIFT_VERSION = 5.0;
				TARGETED_DEVICE_FAMILY = "1,2";
				TEST_HOST = "$(BUILT_PRODUCTS_DIR)/Night Prayers.app/$(BUNDLE_EXECUTABLE_FOLDER_PATH)/Night Prayers";
			};
			name = Release;
		};
		6DBCFC772CB25CC40074796A /* Debug */ = {
			isa = XCBuildConfiguration;
			buildSettings = {
				ALWAYS_EMBED_SWIFT_STANDARD_LIBRARIES = YES;
				CODE_SIGN_STYLE = Automatic;
				CURRENT_PROJECT_VERSION = 1;
				DEVELOPMENT_TEAM = CZPKAZHKAR;
				GENERATE_INFOPLIST_FILE = YES;
				MARKETING_VERSION = 1.0;
				PRODUCT_BUNDLE_IDENTIFIER = "testing.third2-0UITests";
				PRODUCT_NAME = "$(TARGET_NAME)";
				SWIFT_EMIT_LOC_STRINGS = NO;
				SWIFT_VERSION = 5.0;
				TARGETED_DEVICE_FAMILY = "1,2";
				TEST_TARGET_NAME = third2.0;
			};
			name = Debug;
		};
		6DBCFC782CB25CC40074796A /* Release */ = {
			isa = XCBuildConfiguration;
			buildSettings = {
				ALWAYS_EMBED_SWIFT_STANDARD_LIBRARIES = YES;
				CODE_SIGN_STYLE = Automatic;
				CURRENT_PROJECT_VERSION = 1;
				DEVELOPMENT_TEAM = CZPKAZHKAR;
				GENERATE_INFOPLIST_FILE = YES;
				MARKETING_VERSION = 1.0;
				PRODUCT_BUNDLE_IDENTIFIER = "testing.third2-0UITests";
				PRODUCT_NAME = "$(TARGET_NAME)";
				SWIFT_EMIT_LOC_STRINGS = NO;
				SWIFT_VERSION = 5.0;
				TARGETED_DEVICE_FAMILY = "1,2";
				TEST_TARGET_NAME = third2.0;
			};
			name = Release;
		};
		6DCC12F22CFD10DB00E352BD /* Debug */ = {
			isa = XCBuildConfiguration;
			buildSettings = {
				ASSETCATALOG_COMPILER_GLOBAL_ACCENT_COLOR_NAME = AccentColor;
				ASSETCATALOG_COMPILER_WIDGET_BACKGROUND_COLOR_NAME = WidgetBackground;
				CODE_SIGN_STYLE = Automatic;
				CURRENT_PROJECT_VERSION = 1;
				DEVELOPMENT_TEAM = CZPKAZHKAR;
				GENERATE_INFOPLIST_FILE = YES;
				INFOPLIST_FILE = Daytime/Info.plist;
				INFOPLIST_KEY_CFBundleDisplayName = Daytime;
				INFOPLIST_KEY_NSHumanReadableCopyright = "";
				LD_RUNPATH_SEARCH_PATHS = (
					"$(inherited)",
					"@executable_path/Frameworks",
					"@executable_path/../../Frameworks",
				);
				MARKETING_VERSION = 1.0;
				PRODUCT_BUNDLE_IDENTIFIER = testing.thirdgit.Daytime;
				PRODUCT_NAME = "$(TARGET_NAME)";
				SKIP_INSTALL = YES;
				SWIFT_EMIT_LOC_STRINGS = YES;
				SWIFT_VERSION = 5.0;
				TARGETED_DEVICE_FAMILY = "1,2";
			};
			name = Debug;
		};
		6DCC12F32CFD10DB00E352BD /* Release */ = {
			isa = XCBuildConfiguration;
			buildSettings = {
				ASSETCATALOG_COMPILER_GLOBAL_ACCENT_COLOR_NAME = AccentColor;
				ASSETCATALOG_COMPILER_WIDGET_BACKGROUND_COLOR_NAME = WidgetBackground;
				CODE_SIGN_STYLE = Automatic;
				CURRENT_PROJECT_VERSION = 1;
				DEVELOPMENT_TEAM = CZPKAZHKAR;
				GENERATE_INFOPLIST_FILE = YES;
				INFOPLIST_FILE = Daytime/Info.plist;
				INFOPLIST_KEY_CFBundleDisplayName = Daytime;
				INFOPLIST_KEY_NSHumanReadableCopyright = "";
				LD_RUNPATH_SEARCH_PATHS = (
					"$(inherited)",
					"@executable_path/Frameworks",
					"@executable_path/../../Frameworks",
				);
				MARKETING_VERSION = 1.0;
				PRODUCT_BUNDLE_IDENTIFIER = testing.thirdgit.Daytime;
				PRODUCT_NAME = "$(TARGET_NAME)";
				SKIP_INSTALL = YES;
				SWIFT_EMIT_LOC_STRINGS = YES;
				SWIFT_VERSION = 5.0;
				TARGETED_DEVICE_FAMILY = "1,2";
			};
			name = Release;
		};
/* End XCBuildConfiguration section */

/* Begin XCConfigurationList section */
		6DBCFC452CB25CC30074796A /* Build configuration list for PBXProject "Night Prayers" */ = {
			isa = XCConfigurationList;
			buildConfigurations = (
				6DBCFC6E2CB25CC40074796A /* Debug */,
				6DBCFC6F2CB25CC40074796A /* Release */,
			);
			defaultConfigurationIsVisible = 0;
			defaultConfigurationName = Release;
		};
		6DBCFC702CB25CC40074796A /* Build configuration list for PBXNativeTarget "Night Prayers" */ = {
			isa = XCConfigurationList;
			buildConfigurations = (
				6DBCFC712CB25CC40074796A /* Debug */,
				6DBCFC722CB25CC40074796A /* Release */,
			);
			defaultConfigurationIsVisible = 0;
			defaultConfigurationName = Release;
		};
		6DBCFC732CB25CC40074796A /* Build configuration list for PBXNativeTarget "Night PrayersTests" */ = {
			isa = XCConfigurationList;
			buildConfigurations = (
				6DBCFC742CB25CC40074796A /* Debug */,
				6DBCFC752CB25CC40074796A /* Release */,
			);
			defaultConfigurationIsVisible = 0;
			defaultConfigurationName = Release;
		};
		6DBCFC762CB25CC40074796A /* Build configuration list for PBXNativeTarget "Night PrayersUITests" */ = {
			isa = XCConfigurationList;
			buildConfigurations = (
				6DBCFC772CB25CC40074796A /* Debug */,
				6DBCFC782CB25CC40074796A /* Release */,
			);
			defaultConfigurationIsVisible = 0;
			defaultConfigurationName = Release;
		};
		6DCC12F42CFD10DB00E352BD /* Build configuration list for PBXNativeTarget "DaytimeExtension" */ = {
			isa = XCConfigurationList;
			buildConfigurations = (
				6DCC12F22CFD10DB00E352BD /* Debug */,
				6DCC12F32CFD10DB00E352BD /* Release */,
			);
			defaultConfigurationIsVisible = 0;
			defaultConfigurationName = Release;
		};
/* End XCConfigurationList section */

/* Begin XCRemoteSwiftPackageReference section */
		6DE78BD62CB2660E0068F84C /* XCRemoteSwiftPackageReference "firebase-ios-sdk" */ = {
			isa = XCRemoteSwiftPackageReference;
			repositoryURL = "https://github.com/firebase/firebase-ios-sdk";
			requirement = {
				kind = upToNextMajorVersion;
				minimumVersion = 11.3.0;
			};
		};
/* End XCRemoteSwiftPackageReference section */

/* Begin XCSwiftPackageProductDependency section */
		6DAD847F2CB7176B0027BF5A /* FirebaseAnalytics */ = {
			isa = XCSwiftPackageProductDependency;
			package = 6DE78BD62CB2660E0068F84C /* XCRemoteSwiftPackageReference "firebase-ios-sdk" */;
			productName = FirebaseAnalytics;
		};
		6DAD84812CB7176B0027BF5A /* FirebaseCore */ = {
			isa = XCSwiftPackageProductDependency;
			package = 6DE78BD62CB2660E0068F84C /* XCRemoteSwiftPackageReference "firebase-ios-sdk" */;
			productName = FirebaseCore;
		};
		6DAD84832CB7176B0027BF5A /* FirebaseFirestore */ = {
			isa = XCSwiftPackageProductDependency;
			package = 6DE78BD62CB2660E0068F84C /* XCRemoteSwiftPackageReference "firebase-ios-sdk" */;
			productName = FirebaseFirestore;
		};
		6DCC13012D062FD700E352BD /* FirebaseAuth */ = {
			isa = XCSwiftPackageProductDependency;
			package = 6DE78BD62CB2660E0068F84C /* XCRemoteSwiftPackageReference "firebase-ios-sdk" */;
			productName = FirebaseAuth;
		};
		6DCC13032D062FD700E352BD /* FirebaseFunctions */ = {
			isa = XCSwiftPackageProductDependency;
			package = 6DE78BD62CB2660E0068F84C /* XCRemoteSwiftPackageReference "firebase-ios-sdk" */;
			productName = FirebaseFunctions;
		};
		6DCC13052D062FD700E352BD /* FirebaseMessaging */ = {
			isa = XCSwiftPackageProductDependency;
			package = 6DE78BD62CB2660E0068F84C /* XCRemoteSwiftPackageReference "firebase-ios-sdk" */;
			productName = FirebaseMessaging;
		};
/* End XCSwiftPackageProductDependency section */
	};
	rootObject = 6DBCFC422CB25CC30074796A /* Project object */;
}
